<?xml version="1.0" encoding="utf-8"?>
<Project ToolsVersion="4.0" xmlns="http://schemas.microsoft.com/developer/msbuild/2003">
  <ItemGroup>
    <Filter Include="源文件">
      <UniqueIdentifier>{4FC737F1-C7A5-4376-A066-2A32D752A2FF}</UniqueIdentifier>
      <Extensions>cpp;c;cc;cxx;def;odl;idl;hpj;bat;asm;asmx</Extensions>
    </Filter>
    <Filter Include="头文件">
      <UniqueIdentifier>{93995380-89BD-4b04-88EB-625FBE52EBFB}</UniqueIdentifier>
      <Extensions>h;hh;hpp;hxx;hm;inl;inc;ipp;xsd</Extensions>
    </Filter>
    <Filter Include="资源文件">
      <UniqueIdentifier>{67DA6AB6-F800-4c08-8B7A-83BB121AAD01}</UniqueIdentifier>
      <Extensions>rc;ico;cur;bmp;dlg;rc2;rct;bin;rgs;gif;jpg;jpeg;jpe;resx;tiff;tif;png;wav;mfcribbon-ms</Extensions>
    </Filter>
    <Filter Include="Interface">
      <UniqueIdentifier>{edf015b7-90c1-4749-bb6c-e9e6895a2b1e}</UniqueIdentifier>
    </Filter>
    <Filter Include="Interface\GraphicsDriver">
      <UniqueIdentifier>{4d0e2589-c890-429d-95a2-8f337aed91cb}</UniqueIdentifier>
    </Filter>
    <Filter Include="头文件\GraphicsDriver">
      <UniqueIdentifier>{300f4aa0-2bfd-4f91-bf5b-28e8efd45df8}</UniqueIdentifier>
    </Filter>
    <Filter Include="源文件\GraphicsDriver">
      <UniqueIdentifier>{907ce5de-478f-4384-ac66-bcecc579d11d}</UniqueIdentifier>
    </Filter>
  </ItemGroup>
  <ItemGroup>
    <ClInclude Include="..\..\..\Code\Core\Source\Precompiler.h">
      <Filter>源文件</Filter>
    </ClInclude>
    <ClInclude Include="..\..\..\Code\Core\Interface\ICoreBuffer.h">
      <Filter>Interface</Filter>
    </ClInclude>
    <ClInclude Include="..\..\..\Code\Core\Interface\ICoreResource.h">
      <Filter>Interface</Filter>
    </ClInclude>
    <ClInclude Include="..\..\..\Code\Core\Interface\ICoreEnum.h">
      <Filter>Interface</Filter>
    </ClInclude>
    <ClInclude Include="..\..\..\Code\Core\Interface\ICoreSystem.h">
      <Filter>Interface</Filter>
    </ClInclude>
    <ClInclude Include="..\..\..\Code\Core\Interface\ICoreMemoryManager.h">
      <Filter>Interface</Filter>
    </ClInclude>
    <ClInclude Include="..\..\..\Code\Core\Interface\ICoreSystemInterface.h">
      <Filter>Interface</Filter>
    </ClInclude>
    <ClInclude Include="..\..\..\Code\Core\Include\STD.h">
      <Filter>头文件</Filter>
    </ClInclude>
    <ClInclude Include="..\..\..\Code\Core\Include\ThirdPart.h">
      <Filter>头文件</Filter>
    </ClInclude>
    <ClInclude Include="..\..\..\Code\Core\Include\MemoryTracker.h">
      <Filter>头文件</Filter>
    </ClInclude>
    <ClInclude Include="..\..\..\Code\Core\Include\ThreadType.h">
      <Filter>头文件</Filter>
    </ClInclude>
    <ClInclude Include="..\..\..\Code\Core\Interface\ICoreThreadManager.h">
      <Filter>Interface</Filter>
    </ClInclude>
    <ClInclude Include="..\..\..\Code\Core\Interface\ICoreReadWriteLock.h">
      <Filter>Interface</Filter>
    </ClInclude>
    <ClInclude Include="..\..\..\Code\Core\Include\IReadWriteLockImp.h">
      <Filter>头文件</Filter>
    </ClInclude>
    <ClInclude Include="..\..\..\Code\Core\Include\MemoryManager.h">
      <Filter>头文件</Filter>
    </ClInclude>
    <ClInclude Include="..\..\..\Code\Core\Include\ThreadManager.h">
      <Filter>头文件</Filter>
    </ClInclude>
    <ClInclude Include="..\..\..\Code\Core\Include\System.h">
      <Filter>头文件</Filter>
    </ClInclude>
    <ClInclude Include="..\..\..\Code\Core\Include\MemoryAllocatorObjectTemplate.h">
      <Filter>头文件</Filter>
    </ClInclude>
    <ClInclude Include="..\..\..\Code\Core\Interface\ICoreThreadPool.h">
      <Filter>Interface</Filter>
    </ClInclude>
    <ClInclude Include="..\..\..\Code\Core\Include\IThreadPoolImp.h">
      <Filter>头文件</Filter>
    </ClInclude>
    <ClInclude Include="..\..\..\Code\Core\Interface\ICoreSemaphore.h">
      <Filter>Interface</Filter>
    </ClInclude>
    <ClInclude Include="..\..\..\Code\Core\Include\ISemaphoreImp.h">
      <Filter>头文件</Filter>
    </ClInclude>
    <ClInclude Include="..\..\..\Code\Core\Include\STLMT.h">
      <Filter>头文件</Filter>
    </ClInclude>
    <ClInclude Include="..\..\..\Code\Core\Include\STL.h">
      <Filter>头文件</Filter>
    </ClInclude>
    <ClInclude Include="..\..\..\Code\Core\Include\SemaphoreGroup.h">
      <Filter>头文件</Filter>
    </ClInclude>
    <ClInclude Include="..\..\..\Code\Core\Include\FunctionWorker.h">
      <Filter>头文件</Filter>
    </ClInclude>
    <ClInclude Include="..\..\..\Code\Core\Interface\ICoreThread.h">
      <Filter>Interface</Filter>
    </ClInclude>
    <ClInclude Include="..\..\..\Code\Core\Include\IThreadImp.h">
      <Filter>头文件</Filter>
    </ClInclude>
    <ClInclude Include="..\..\..\Code\Core\Interface\ICoreFileManager.h">
      <Filter>Interface</Filter>
    </ClInclude>
    <ClInclude Include="..\..\..\Code\Core\Interface\ICoreNetworkManager.h">
      <Filter>Interface</Filter>
    </ClInclude>
    <ClInclude Include="..\..\..\Code\Core\Interface\ICoreFile.h">
      <Filter>Interface</Filter>
    </ClInclude>
    <ClInclude Include="..\..\..\Code\Core\Interface\ICoreDirectory.h">
      <Filter>Interface</Filter>
    </ClInclude>
    <ClInclude Include="..\..\..\Code\Core\Interface\ICoreFileProcesser.h">
      <Filter>Interface</Filter>
    </ClInclude>
    <ClInclude Include="..\..\..\Code\Core\Include\FileManager.h">
      <Filter>头文件</Filter>
    </ClInclude>
    <ClInclude Include="..\..\..\Code\Core\Include\IDirectoryImp.h">
      <Filter>头文件</Filter>
    </ClInclude>
    <ClInclude Include="..\..\..\Code\Core\Include\IFileImp.h">
      <Filter>头文件</Filter>
    </ClInclude>
    <ClInclude Include="..\..\..\Code\Core\Include\ResourceContainer.h">
      <Filter>头文件</Filter>
    </ClInclude>
    <ClInclude Include="..\..\..\Code\Core\Interface\ICoreNetworkConnection.h">
      <Filter>Interface</Filter>
    </ClInclude>
    <ClInclude Include="..\..\..\Code\Core\Include\NetworkManager.h">
      <Filter>头文件</Filter>
    </ClInclude>
    <ClInclude Include="..\..\..\Code\Core\Include\NetworkAcceptor.h">
      <Filter>头文件</Filter>
    </ClInclude>
    <ClInclude Include="..\..\..\Code\Core\Include\INetworkConnectionImp.h">
      <Filter>头文件</Filter>
    </ClInclude>
    <ClInclude Include="..\..\..\Code\Core\Include\UTFString.h">
      <Filter>头文件</Filter>
    </ClInclude>
    <ClInclude Include="..\..\..\Code\Core\Interface\ICoreNetworkHost.h">
      <Filter>Interface</Filter>
    </ClInclude>
    <ClInclude Include="..\..\..\Code\Core\Include\INetworkHostImp.h">
      <Filter>头文件</Filter>
    </ClInclude>
    <ClInclude Include="..\..\..\Code\Core\Include\Define.h">
      <Filter>头文件</Filter>
    </ClInclude>
    <ClInclude Include="..\..\..\Code\Core\Interface\ICoreTimer.h">
      <Filter>Interface</Filter>
    </ClInclude>
    <ClInclude Include="..\..\..\Code\Core\Include\ITimerImp.h">
      <Filter>头文件</Filter>
    </ClInclude>
    <ClInclude Include="..\..\..\Code\Core\Interface\ICoreScriptManager.h">
      <Filter>Interface</Filter>
    </ClInclude>
    <ClInclude Include="..\..\..\Code\Core\Interface\ICoreCPPScriptEnvironment.h">
      <Filter>Interface</Filter>
    </ClInclude>
    <ClInclude Include="..\..\..\Code\Core\Include\ICPPScriptEnvironmentImp.h">
      <Filter>头文件</Filter>
    </ClInclude>
    <ClInclude Include="..\..\..\Code\Core\Include\CPPScriptEnvironment.h">
      <Filter>头文件</Filter>
    </ClInclude>
    <ClInclude Include="..\..\..\Code\Core\Interface\GraphicsDriver\IGDBuffer.h">
      <Filter>Interface\GraphicsDriver</Filter>
    </ClInclude>
    <ClInclude Include="..\..\..\Code\Core\Interface\GraphicsDriver\IGDCommandBuffer.h">
      <Filter>Interface\GraphicsDriver</Filter>
    </ClInclude>
    <ClInclude Include="..\..\..\Code\Core\Interface\GraphicsDriver\IGDDevice.h">
      <Filter>Interface\GraphicsDriver</Filter>
    </ClInclude>
    <ClInclude Include="..\..\..\Code\Core\Interface\GraphicsDriver\IGDEnum.h">
      <Filter>Interface\GraphicsDriver</Filter>
    </ClInclude>
    <ClInclude Include="..\..\..\Code\Core\Interface\GraphicsDriver\IGDImage.h">
      <Filter>Interface\GraphicsDriver</Filter>
    </ClInclude>
    <ClInclude Include="..\..\..\Code\Core\Interface\GraphicsDriver\IGDInstance.h">
      <Filter>Interface\GraphicsDriver</Filter>
    </ClInclude>
    <ClInclude Include="..\..\..\Code\Core\Interface\GraphicsDriver\IGDInterface.h">
      <Filter>Interface\GraphicsDriver</Filter>
    </ClInclude>
    <ClInclude Include="..\..\..\Code\Core\Interface\GraphicsDriver\IGDPipelineState.h">
      <Filter>Interface\GraphicsDriver</Filter>
    </ClInclude>
    <ClInclude Include="..\..\..\Code\Core\Interface\GraphicsDriver\IGDQueue.h">
      <Filter>Interface\GraphicsDriver</Filter>
    </ClInclude>
    <ClInclude Include="..\..\..\Code\Core\Interface\GraphicsDriver\IGDSystem.h">
      <Filter>Interface\GraphicsDriver</Filter>
    </ClInclude>
    <ClInclude Include="..\..\..\Code\Core\Include\GraphicsDriver\IGDSystemImp.h">
      <Filter>头文件\GraphicsDriver</Filter>
    </ClInclude>
    <ClInclude Include="..\..\..\Code\Core\Include\GraphicsDriver\GDInclude.h">
      <Filter>头文件\GraphicsDriver</Filter>
    </ClInclude>
    <ClInclude Include="..\..\..\Code\Core\Include\GraphicsDriver\IGDInstanceImp.h">
      <Filter>头文件\GraphicsDriver</Filter>
    </ClInclude>
    <ClInclude Include="..\..\..\Code\Core\Include\GraphicsDriver\IGDDeviceImp.h">
      <Filter>头文件\GraphicsDriver</Filter>
    </ClInclude>
    <ClInclude Include="..\..\..\Code\Core\Interface\GraphicsDriver\IGDSwapChain.h">
      <Filter>Interface\GraphicsDriver</Filter>
    </ClInclude>
    <ClInclude Include="..\..\..\Code\Core\Interface\GraphicsDriver\IGDPhysicalDevice.h">
      <Filter>Interface\GraphicsDriver</Filter>
    </ClInclude>
    <ClInclude Include="..\..\..\Code\Core\Include\GraphicsDriver\IGDPhysicalDeviceImp.h">
      <Filter>头文件\GraphicsDriver</Filter>
    </ClInclude>
    <ClInclude Include="..\..\..\Code\Core\Include\GraphicsDriver\IGDPhysicalDeviceGroupImp.h">
      <Filter>头文件\GraphicsDriver</Filter>
    </ClInclude>
    <ClInclude Include="..\..\..\Code\Core\Include\GraphicsDriver\IGDSwapChainImp.h">
      <Filter>头文件\GraphicsDriver</Filter>
    </ClInclude>
    <ClInclude Include="..\..\..\Code\Core\Include\GraphicsDriver\IGDQueueImp.h">
      <Filter>头文件\GraphicsDriver</Filter>
    </ClInclude>
  </ItemGroup>
  <ItemGroup>
    <ClCompile Include="..\..\..\Code\Core\Source\Precompiler.cpp">
      <Filter>源文件</Filter>
    </ClCompile>
    <ClCompile Include="..\..\..\Code\Core\Source\ICoreMemoryManager.cpp">
      <Filter>源文件</Filter>
    </ClCompile>
    <ClCompile Include="..\..\..\Code\Core\Source\ICoreSystem.cpp">
      <Filter>源文件</Filter>
    </ClCompile>
    <ClCompile Include="..\..\..\Code\Core\Source\MemoryTracker.cpp">
      <Filter>源文件</Filter>
    </ClCompile>
    <ClCompile Include="..\..\..\Code\Core\Source\IReadWriteLockImp.cpp">
      <Filter>源文件</Filter>
    </ClCompile>
    <ClCompile Include="..\..\..\Code\Core\Source\ICoreThreadManager.cpp">
      <Filter>源文件</Filter>
    </ClCompile>
    <ClCompile Include="..\..\..\Code\Core\Source\MemoryManager.cpp">
      <Filter>源文件</Filter>
    </ClCompile>
    <ClCompile Include="..\..\..\Code\Core\Source\ThreadManager.cpp">
      <Filter>源文件</Filter>
    </ClCompile>
    <ClCompile Include="..\..\..\Code\Core\Source\System.cpp">
      <Filter>源文件</Filter>
    </ClCompile>
    <ClCompile Include="..\..\..\Code\Core\Source\IThreadPoolImp.cpp">
      <Filter>源文件</Filter>
    </ClCompile>
    <ClCompile Include="..\..\..\Code\Core\Source\ISemaphoreImp.cpp">
      <Filter>源文件</Filter>
    </ClCompile>
    <ClCompile Include="..\..\..\Code\Core\Source\SemaphoreGroup.cpp">
      <Filter>源文件</Filter>
    </ClCompile>
    <ClCompile Include="..\..\..\Code\Core\Source\IThreadImp.cpp">
      <Filter>源文件</Filter>
    </ClCompile>
    <ClCompile Include="..\..\..\Code\Core\Source\ICoreFileManager.cpp">
      <Filter>源文件</Filter>
    </ClCompile>
    <ClCompile Include="..\..\..\Code\Core\Source\FileManager.cpp">
      <Filter>源文件</Filter>
    </ClCompile>
    <ClCompile Include="..\..\..\Code\Core\Source\IDirectoryImp.cpp">
      <Filter>源文件</Filter>
    </ClCompile>
    <ClCompile Include="..\..\..\Code\Core\Source\IFileImp.cpp">
      <Filter>源文件</Filter>
    </ClCompile>
    <ClCompile Include="..\..\..\Code\Core\Source\ICoreNetworkManager.cpp">
      <Filter>源文件</Filter>
    </ClCompile>
    <ClCompile Include="..\..\..\Code\Core\Source\NetworkManager.cpp">
      <Filter>源文件</Filter>
    </ClCompile>
    <ClCompile Include="..\..\..\Code\Core\Source\NetworkAcceptor.cpp">
      <Filter>源文件</Filter>
    </ClCompile>
    <ClCompile Include="..\..\..\Code\Core\Source\INetworkConnectionImp.cpp">
      <Filter>源文件</Filter>
    </ClCompile>
    <ClCompile Include="..\..\..\Code\Core\Source\UTFString.cpp">
      <Filter>源文件</Filter>
    </ClCompile>
    <ClCompile Include="..\..\..\Code\Core\Source\INetworkHostImp.cpp">
      <Filter>源文件</Filter>
    </ClCompile>
    <ClCompile Include="..\..\..\Code\Core\Source\ITimerImp.cpp">
      <Filter>源文件</Filter>
    </ClCompile>
    <ClCompile Include="..\..\..\Code\Core\Source\CPPScriptEnvironment.cpp">
      <Filter>源文件</Filter>
    </ClCompile>
    <ClCompile Include="..\..\..\Code\Core\Source\GraphicsDriver\IGDSystemImp.cpp">
      <Filter>源文件\GraphicsDriver</Filter>
    </ClCompile>
    <ClCompile Include="..\..\..\Code\Core\Source\GraphicsDriver\IGDInstanceImp.cpp">
      <Filter>源文件\GraphicsDriver</Filter>
    </ClCompile>
    <ClCompile Include="..\..\..\Dependences\volk\volk.c">
      <Filter>源文件\GraphicsDriver</Filter>
    </ClCompile>
    <ClCompile Include="..\..\..\Code\Core\Source\GraphicsDriver\IGDDeviceImp.cpp">
      <Filter>源文件\GraphicsDriver</Filter>
    </ClCompile>
    <ClCompile Include="..\..\..\Code\Core\Source\GraphicsDriver\IGDPhysicalDeviceGroupImp.cpp">
      <Filter>源文件\GraphicsDriver</Filter>
    </ClCompile>
    <ClCompile Include="..\..\..\Code\Core\Source\GraphicsDriver\IGDPhysicalDeviceImp.cpp">
      <Filter>源文件\GraphicsDriver</Filter>
    </ClCompile>
    <ClCompile Include="..\..\..\Code\Core\Source\GraphicsDriver\IGDSwapChainImp.cpp">
      <Filter>源文件\GraphicsDriver</Filter>
    </ClCompile>
    <ClCompile Include="..\..\..\Code\Core\Source\GraphicsDriver\IGDQueueImp.cpp">
      <Filter>源文件\GraphicsDriver</Filter>
    </ClCompile>
  </ItemGroup>
</Project>