<?xml version="1.0" encoding="utf-8"?>
<Project ToolsVersion="4.0" xmlns="http://schemas.microsoft.com/developer/msbuild/2003">
  <ItemGroup>
    <Filter Include="Include">
      <UniqueIdentifier>{24719c38-2c4c-4207-865f-6f4e786830c4}</UniqueIdentifier>
    </Filter>
    <Filter Include="Source">
      <UniqueIdentifier>{fbf7ad5a-840d-411f-b9d8-a1c95bf6de0a}</UniqueIdentifier>
    </Filter>
    <Filter Include="Interface">
      <UniqueIdentifier>{877c49cb-3d7a-4e78-9e5b-aba9b18abd03}</UniqueIdentifier>
    </Filter>
  </ItemGroup>
  <ItemGroup>
    <ClInclude Include="..\..\..\Code\Common\Interface\ICommonGroup.h">
      <Filter>Interface</Filter>
    </ClInclude>
    <ClInclude Include="..\..\..\Code\Common\Interface\ICommonUserDataContainer.h">
      <Filter>Interface</Filter>
    </ClInclude>
    <ClInclude Include="..\..\..\Code\Common\Include\Common.h">
      <Filter>Include</Filter>
    </ClInclude>
    <ClInclude Include="..\..\..\Code\Common\Include\CommonAngle.h">
      <Filter>Include</Filter>
    </ClInclude>
    <ClInclude Include="..\..\..\Code\Common\Include\CommonAny.h">
      <Filter>Include</Filter>
    </ClInclude>
    <ClInclude Include="..\..\..\Code\Common\Include\CommonBounding.h">
      <Filter>Include</Filter>
    </ClInclude>
    <ClInclude Include="..\..\..\Code\Common\Include\CommonBoundingTreeNode.h">
      <Filter>Include</Filter>
    </ClInclude>
    <ClInclude Include="..\..\..\Code\Common\Include\CommonColour.h">
      <Filter>Include</Filter>
    </ClInclude>
    <ClInclude Include="..\..\..\Code\Common\Include\CommonCommandQueue.h">
      <Filter>Include</Filter>
    </ClInclude>
    <ClInclude Include="..\..\..\Code\Common\Include\CommonConstant.h">
      <Filter>Include</Filter>
    </ClInclude>
    <ClInclude Include="..\..\..\Code\Common\Include\CommonDefine.h">
      <Filter>Include</Filter>
    </ClInclude>
    <ClInclude Include="..\..\..\Code\Common\Include\CommonDirtyFlagContainer.h">
      <Filter>Include</Filter>
    </ClInclude>
    <ClInclude Include="..\..\..\Code\Common\Include\CommonGroup.h">
      <Filter>Include</Filter>
    </ClInclude>
    <ClInclude Include="..\..\..\Code\Common\Include\CommonMath.h">
      <Filter>Include</Filter>
    </ClInclude>
    <ClInclude Include="..\..\..\Code\Common\Include\CommonMatrix.h">
      <Filter>Include</Filter>
    </ClInclude>
    <ClInclude Include="..\..\..\Code\Common\Include\CommonMessageMode.h">
      <Filter>Include</Filter>
    </ClInclude>
    <ClInclude Include="..\..\..\Code\Common\Include\CommonNode.h">
      <Filter>Include</Filter>
    </ClInclude>
    <ClInclude Include="..\..\..\Code\Common\Include\CommonOctree.h">
      <Filter>Include</Filter>
    </ClInclude>
    <ClInclude Include="..\..\..\Code\Common\Include\CommonPathUtility.h">
      <Filter>Include</Filter>
    </ClInclude>
    <ClInclude Include="..\..\..\Code\Common\Include\CommonPlane.h">
      <Filter>Include</Filter>
    </ClInclude>
    <ClInclude Include="..\..\..\Code\Common\Include\CommonPlatformDefine.h">
      <Filter>Include</Filter>
    </ClInclude>
    <ClInclude Include="..\..\..\Code\Common\Include\CommonPlatformInclude.h">
      <Filter>Include</Filter>
    </ClInclude>
    <ClInclude Include="..\..\..\Code\Common\Include\CommonPointer.h">
      <Filter>Include</Filter>
    </ClInclude>
    <ClInclude Include="..\..\..\Code\Common\Include\CommonRange.h">
      <Filter>Include</Filter>
    </ClInclude>
    <ClInclude Include="..\..\..\Code\Common\Include\CommonRay.h">
      <Filter>Include</Filter>
    </ClInclude>
    <ClInclude Include="..\..\..\Code\Common\Include\CommonRect.h">
      <Filter>Include</Filter>
    </ClInclude>
    <ClInclude Include="..\..\..\Code\Common\Include\CommonReferenceObject.h">
      <Filter>Include</Filter>
    </ClInclude>
    <ClInclude Include="..\..\..\Code\Common\Include\CommonResourceContainer.h">
      <Filter>Include</Filter>
    </ClInclude>
    <ClInclude Include="..\..\..\Code\Common\Include\CommonSingleton.h">
      <Filter>Include</Filter>
    </ClInclude>
    <ClInclude Include="..\..\..\Code\Common\Include\CommonSTD.h">
      <Filter>Include</Filter>
    </ClInclude>
    <ClInclude Include="..\..\..\Code\Common\Include\CommonSTL.h">
      <Filter>Include</Filter>
    </ClInclude>
    <ClInclude Include="..\..\..\Code\Common\Include\CommonStringUtility.h">
      <Filter>Include</Filter>
    </ClInclude>
    <ClInclude Include="..\..\..\Code\Common\Include\CommonStruct.h">
      <Filter>Include</Filter>
    </ClInclude>
    <ClInclude Include="..\..\..\Code\Common\Include\CommonThirdPart.h">
      <Filter>Include</Filter>
    </ClInclude>
    <ClInclude Include="..\..\..\Code\Common\Include\CommonTransformNode.h">
      <Filter>Include</Filter>
    </ClInclude>
    <ClInclude Include="..\..\..\Code\Common\Include\CommonTreeContainer.h">
      <Filter>Include</Filter>
    </ClInclude>
    <ClInclude Include="..\..\..\Code\Common\Include\CommonType.h">
      <Filter>Include</Filter>
    </ClInclude>
    <ClInclude Include="..\..\..\Code\Common\Include\CommonUserDataContainer.h">
      <Filter>Include</Filter>
    </ClInclude>
    <ClInclude Include="..\..\..\Code\Common\Include\CommonUTFChar.h">
      <Filter>Include</Filter>
    </ClInclude>
    <ClInclude Include="..\..\..\Code\Common\Include\CommonUTFString.h">
      <Filter>Include</Filter>
    </ClInclude>
    <ClInclude Include="..\..\..\Code\Common\Include\CommonUtility.h">
      <Filter>Include</Filter>
    </ClInclude>
    <ClInclude Include="..\..\..\Code\Common\Include\CommonVector.h">
      <Filter>Include</Filter>
    </ClInclude>
    <ClInclude Include="..\..\..\Code\Common\Include\CommonVectorF.h">
      <Filter>Include</Filter>
    </ClInclude>
    <ClInclude Include="..\..\..\Code\Common\Include\CommonVectorI.h">
      <Filter>Include</Filter>
    </ClInclude>
    <ClInclude Include="..\..\..\Code\Common\Include\ICommonUserDataContainerImp.h">
      <Filter>Include</Filter>
    </ClInclude>
    <ClInclude Include="..\..\..\Code\Common\Source\Precompiler.h">
      <Filter>Source</Filter>
    </ClInclude>
  </ItemGroup>
  <ItemGroup>
    <ClCompile Include="..\..\..\Code\Common\Source\CommonAngle.cpp">
      <Filter>Source</Filter>
    </ClCompile>
    <ClCompile Include="..\..\..\Code\Common\Source\CommonBounding.cpp">
      <Filter>Source</Filter>
    </ClCompile>
    <ClCompile Include="..\..\..\Code\Common\Source\CommonColour.cpp">
      <Filter>Source</Filter>
    </ClCompile>
    <ClCompile Include="..\..\..\Code\Common\Source\CommonMatrix.cpp">
      <Filter>Source</Filter>
    </ClCompile>
    <ClCompile Include="..\..\..\Code\Common\Source\CommonMessageMode.cpp">
      <Filter>Source</Filter>
    </ClCompile>
    <ClCompile Include="..\..\..\Code\Common\Source\CommonTransformNode.cpp">
      <Filter>Source</Filter>
    </ClCompile>
    <ClCompile Include="..\..\..\Code\Common\Source\CommonTreeContainer.cpp">
      <Filter>Source</Filter>
    </ClCompile>
    <ClCompile Include="..\..\..\Code\Common\Source\CommonUTFChar.cpp">
      <Filter>Source</Filter>
    </ClCompile>
    <ClCompile Include="..\..\..\Code\Common\Source\CommonVectorF.cpp">
      <Filter>Source</Filter>
    </ClCompile>
    <ClCompile Include="..\..\..\Code\Common\Source\CommonVectorI.cpp">
      <Filter>Source</Filter>
    </ClCompile>
    <ClCompile Include="..\..\..\Code\Common\Source\Precompiler.cpp">
      <Filter>Source</Filter>
    </ClCompile>
  </ItemGroup>
</Project>