<?xml version="1.0" encoding="utf-8"?>
<Project ToolsVersion="4.0" xmlns="http://schemas.microsoft.com/developer/msbuild/2003">
  <ItemGroup>
    <Filter Include="Include">
      <UniqueIdentifier>{85b0297f-a128-4869-90e7-75a4afaa7967}</UniqueIdentifier>
    </Filter>
    <Filter Include="Source">
      <UniqueIdentifier>{3b5ba1d4-a157-43cd-afa3-d988ba8a7534}</UniqueIdentifier>
    </Filter>
    <Filter Include="Resource">
      <UniqueIdentifier>{4fa9906b-29a9-4f5d-8fc4-43f0fc7299ba}</UniqueIdentifier>
    </Filter>
  </ItemGroup>
  <ItemGroup>
    <ClInclude Include="..\..\..\Code\Game\Include\DevilFightChess\App.h">
      <Filter>Include</Filter>
    </ClInclude>
    <ClInclude Include="..\..\..\Code\Game\Source\DevilFightChess\Precompiler.h">
      <Filter>Source</Filter>
    </ClInclude>
    <ClInclude Include="..\..\..\Code\Game\Include\DevilFightChess\Actor.h">
      <Filter>Include</Filter>
    </ClInclude>
    <ClInclude Include="..\..\..\Code\Game\Include\DevilFightChess\Game.h">
      <Filter>Include</Filter>
    </ClInclude>
    <ClInclude Include="..\..\..\Code\Game\Include\DevilFightChess\Buff.h">
      <Filter>Include</Filter>
    </ClInclude>
    <ClInclude Include="..\..\..\Code\Game\Include\DevilFightChess\Module.h">
      <Filter>Include</Filter>
    </ClInclude>
    <ClInclude Include="..\..\..\Code\Game\Include\DevilFightChess\Login.h">
      <Filter>Include</Filter>
    </ClInclude>
    <ClInclude Include="..\..\..\Code\Game\Include\DevilFightChess\ServerManager.h">
      <Filter>Include</Filter>
    </ClInclude>
    <ClInclude Include="..\..\..\Code\Game\Include\DevilFightChess\Server.h">
      <Filter>Include</Filter>
    </ClInclude>
    <ClInclude Include="..\..\..\Code\Game\Include\DevilFightChess\LocalServer.h">
      <Filter>Include</Filter>
    </ClInclude>
    <ClInclude Include="..\..\..\Code\Game\Include\DevilFightChess\Register.h">
      <Filter>Include</Filter>
    </ClInclude>
    <ClInclude Include="..\..\..\Code\Game\Include\DevilFightChess\FontManager.h">
      <Filter>Include</Filter>
    </ClInclude>
    <ClInclude Include="..\..\..\Code\Game\Include\DevilFightChess\Geometry.h">
      <Filter>Include</Filter>
    </ClInclude>
    <ClInclude Include="..\..\..\Code\Game\Include\DevilFightChess\CreateRoom.h">
      <Filter>Include</Filter>
    </ClInclude>
    <ClInclude Include="..\..\..\Code\Game\Include\DevilFightChess\UIScript.h">
      <Filter>Include</Filter>
    </ClInclude>
    <ClInclude Include="..\..\..\Code\Game\Include\DevilFightChess\MessageBox.h">
      <Filter>Include</Filter>
    </ClInclude>
    <ClInclude Include="..\..\..\Code\Game\Include\DevilFightChess\BigWorld.h">
      <Filter>Include</Filter>
    </ClInclude>
    <ClInclude Include="..\..\..\Code\Game\Include\DevilFightChess\SinglePlayer.h">
      <Filter>Include</Filter>
    </ClInclude>
    <ClInclude Include="..\..\..\Code\Game\Include\DevilFightChess\PlayerManager.h">
      <Filter>Include</Filter>
    </ClInclude>
    <ClInclude Include="..\..\..\Code\Game\Include\DevilFightChess\Player.h">
      <Filter>Include</Filter>
    </ClInclude>
    <ClInclude Include="..\..\..\Code\Game\Include\DevilFightChess\HumanPlayer.h">
      <Filter>Include</Filter>
    </ClInclude>
    <ClInclude Include="..\..\..\Code\Game\Include\DevilFightChess\MatchServer.h">
      <Filter>Include</Filter>
    </ClInclude>
    <ClInclude Include="..\..\..\Code\Game\Include\DevilFightChess\Protocol.h">
      <Filter>Include</Filter>
    </ClInclude>
    <ClInclude Include="..\..\..\Code\Game\Include\DevilFightChess\MatchTeam.h">
      <Filter>Include</Filter>
    </ClInclude>
    <ClInclude Include="..\..\..\Code\Game\Include\DevilFightChess\MatchPlayer.h">
      <Filter>Include</Filter>
    </ClInclude>
    <ClInclude Include="..\..\..\Code\Game\Include\DevilFightChess\MatchScene.h">
      <Filter>Include</Filter>
    </ClInclude>
    <ClInclude Include="..\..\..\Code\Game\Include\DevilFightChess\MatchTerrain2D.h">
      <Filter>Include</Filter>
    </ClInclude>
    <ClInclude Include="..\..\..\Code\Game\Include\DevilFightChess\MatchMap.h">
      <Filter>Include</Filter>
    </ClInclude>
    <ClInclude Include="..\..\..\Code\Game\Include\DevilFightChess\MatchMapGrid.h">
      <Filter>Include</Filter>
    </ClInclude>
    <ClInclude Include="..\..\..\Code\Game\Include\DevilFightChess\MatchMapGridRenderMaterial.h">
      <Filter>Include</Filter>
    </ClInclude>
    <ClInclude Include="..\..\..\Code\Game\Include\DevilFightChess\MatchMapGridRenderMaterial2D.h">
      <Filter>Include</Filter>
    </ClInclude>
    <ClInclude Include="..\..\..\Code\Game\Include\DevilFightChess\MatchMapGridRenderMaterial3D.h">
      <Filter>Include</Filter>
    </ClInclude>
    <ClInclude Include="..\..\..\Code\Game\Include\DevilFightChess\MatchMapGridRenderMaterialManager.h">
      <Filter>Include</Filter>
    </ClInclude>
    <ClInclude Include="..\..\..\Code\Game\Include\DevilFightChess\MatchView.h">
      <Filter>Include</Filter>
    </ClInclude>
  </ItemGroup>
  <ItemGroup>
    <ClCompile Include="..\..\..\Code\Game\Source\DevilFightChess\App.cpp">
      <Filter>Source</Filter>
    </ClCompile>
    <ClCompile Include="..\..\..\Code\Game\Source\DevilFightChess\Precompiler.cpp">
      <Filter>Source</Filter>
    </ClCompile>
    <ClCompile Include="..\..\..\Code\Game\Source\DevilFightChess\Actor.cpp">
      <Filter>Source</Filter>
    </ClCompile>
    <ClCompile Include="..\..\..\Code\Game\Source\DevilFightChess\Game.cpp">
      <Filter>Source</Filter>
    </ClCompile>
    <ClCompile Include="..\..\..\Code\Game\Source\DevilFightChess\LocalServer.cpp">
      <Filter>Source</Filter>
    </ClCompile>
    <ClCompile Include="..\..\..\Code\Game\Source\DevilFightChess\Login.cpp">
      <Filter>Source</Filter>
    </ClCompile>
    <ClCompile Include="..\..\..\Code\Game\Source\DevilFightChess\ServerManager.cpp">
      <Filter>Source</Filter>
    </ClCompile>
    <ClCompile Include="..\..\..\Code\Game\Source\DevilFightChess\Register.cpp">
      <Filter>Source</Filter>
    </ClCompile>
    <ClCompile Include="..\..\..\Code\Game\Source\DevilFightChess\FontManager.cpp">
      <Filter>Source</Filter>
    </ClCompile>
    <ClCompile Include="..\..\..\Code\Game\Source\DevilFightChess\Geometry.cpp">
      <Filter>Source</Filter>
    </ClCompile>
    <ClCompile Include="..\..\..\Code\Game\Source\DevilFightChess\UIScript.cpp">
      <Filter>Source</Filter>
    </ClCompile>
    <ClCompile Include="..\..\..\Code\Game\Source\DevilFightChess\MessageBox.cpp">
      <Filter>Source</Filter>
    </ClCompile>
    <ClCompile Include="..\..\..\Code\Game\Source\DevilFightChess\BigWorld.cpp">
      <Filter>Source</Filter>
    </ClCompile>
    <ClCompile Include="..\..\..\Code\Game\Source\DevilFightChess\SinglePlayer.cpp">
      <Filter>Source</Filter>
    </ClCompile>
    <ClCompile Include="..\..\..\Code\Game\Source\DevilFightChess\MatchServer.cpp">
      <Filter>Source</Filter>
    </ClCompile>
    <ClCompile Include="..\..\..\Code\Game\Source\DevilFightChess\MatchScene.cpp">
      <Filter>Source</Filter>
    </ClCompile>
    <ClCompile Include="..\..\..\Code\Game\Source\DevilFightChess\MatchTerrain2D.cpp">
      <Filter>Source</Filter>
    </ClCompile>
    <ClCompile Include="..\..\..\Code\Game\Source\DevilFightChess\MatchMapGrid.cpp">
      <Filter>Source</Filter>
    </ClCompile>
    <ClCompile Include="..\..\..\Code\Game\Source\DevilFightChess\MatchMap.cpp">
      <Filter>Source</Filter>
    </ClCompile>
    <ClCompile Include="..\..\..\Code\Game\Source\DevilFightChess\MatchMapGridRenderMaterial.cpp">
      <Filter>Source</Filter>
    </ClCompile>
    <ClCompile Include="..\..\..\Code\Game\Source\DevilFightChess\MatchMapGridRenderMaterialManager.cpp">
      <Filter>Source</Filter>
    </ClCompile>
    <ClCompile Include="..\..\..\Code\Game\Source\DevilFightChess\MatchView.cpp">
      <Filter>Source</Filter>
    </ClCompile>
  </ItemGroup>
  <ItemGroup>
    <None Include="..\..\..\Code\Game\Resource\DevilFightChess\LoginPage.layout">
      <Filter>Resource</Filter>
    </None>
    <None Include="..\..\..\Code\Game\Resource\DevilFightChess\RegisterPage.layout">
      <Filter>Resource</Filter>
    </None>
    <None Include="..\..\..\Code\Game\Resource\DevilFightChess\MessageBox.layout">
      <Filter>Resource</Filter>
    </None>
    <None Include="..\..\..\Code\Game\Resource\DevilFightChess\BigWorld.layout">
      <Filter>Resource</Filter>
    </None>
    <None Include="..\..\..\Code\Game\Resource\DevilFightChess\Basic.map">
      <Filter>Resource</Filter>
    </None>
    <None Include="..\..\..\Code\Game\Resource\DevilFightChess\Common.mapgrid">
      <Filter>Resource</Filter>
    </None>
  </ItemGroup>
</Project>