<?xml version="1.0" encoding="utf-8"?>
<Project ToolsVersion="4.0" xmlns="http://schemas.microsoft.com/developer/msbuild/2003">
  <ItemGroup>
    <Filter Include="Source Files">
      <UniqueIdentifier>{4FC737F1-C7A5-4376-A066-2A32D752A2FF}</UniqueIdentifier>
      <Extensions>cpp;c;cc;cxx;def;odl;idl;hpj;bat;asm;asmx</Extensions>
    </Filter>
    <Filter Include="Header Files">
      <UniqueIdentifier>{93995380-89BD-4b04-88EB-625FBE52EBFB}</UniqueIdentifier>
      <Extensions>h;hh;hpp;hxx;hm;inl;inc;xsd</Extensions>
    </Filter>
    <Filter Include="Resource Files">
      <UniqueIdentifier>{67DA6AB6-F800-4c08-8B7A-83BB121AAD01}</UniqueIdentifier>
      <Extensions>rc;ico;cur;bmp;dlg;rc2;rct;bin;rgs;gif;jpg;jpeg;jpe;resx;tiff;tif;png;wav;mfcribbon-ms</Extensions>
    </Filter>
    <Filter Include="Interface Files">
      <UniqueIdentifier>{97309083-468c-48a4-a50a-0010cd492636}</UniqueIdentifier>
    </Filter>
  </ItemGroup>
  <ItemGroup>
    <Text Include="ReadMe.txt" />
  </ItemGroup>
  <ItemGroup>
    <ClInclude Include="..\..\..\Code\Layer1\Include\PhysicalSystem\IEntityImp.h">
      <Filter>Header Files</Filter>
    </ClInclude>
    <ClInclude Include="..\..\..\Code\Layer1\Include\PhysicalSystem\IGeometryImp.h">
      <Filter>Header Files</Filter>
    </ClInclude>
    <ClInclude Include="..\..\..\Code\Layer1\Include\PhysicalSystem\IMeshImp.h">
      <Filter>Header Files</Filter>
    </ClInclude>
    <ClInclude Include="..\..\..\Code\Layer1\Include\PhysicalSystem\Include.h">
      <Filter>Header Files</Filter>
    </ClInclude>
    <ClInclude Include="..\..\..\Code\Layer1\Include\PhysicalSystem\IQueryImp.h">
      <Filter>Header Files</Filter>
    </ClInclude>
    <ClInclude Include="..\..\..\Code\Layer1\Include\PhysicalSystem\IResourceManagerImp.h">
      <Filter>Header Files</Filter>
    </ClInclude>
    <ClInclude Include="..\..\..\Code\Layer1\Include\PhysicalSystem\ISceneImp.h">
      <Filter>Header Files</Filter>
    </ClInclude>
    <ClInclude Include="..\..\..\Code\Layer1\Include\PhysicalSystem\ISubEntityImp.h">
      <Filter>Header Files</Filter>
    </ClInclude>
    <ClInclude Include="..\..\..\Code\Layer1\Include\PhysicalSystem\ISubMeshImp.h">
      <Filter>Header Files</Filter>
    </ClInclude>
    <ClInclude Include="..\..\..\Code\Layer1\Include\PhysicalSystem\ISystemImp.h">
      <Filter>Header Files</Filter>
    </ClInclude>
    <ClInclude Include="..\..\..\Code\Layer1\Include\PhysicalSystem\ITransformerImp.h">
      <Filter>Header Files</Filter>
    </ClInclude>
    <ClInclude Include="..\..\..\Code\Layer1\Interface\PhysicalSystem\IPhysicalEntity.h">
      <Filter>Interface Files</Filter>
    </ClInclude>
    <ClInclude Include="..\..\..\Code\Layer1\Interface\PhysicalSystem\IPhysicalEnum.h">
      <Filter>Interface Files</Filter>
    </ClInclude>
    <ClInclude Include="..\..\..\Code\Layer1\Interface\PhysicalSystem\IPhysicalGeometry.h">
      <Filter>Interface Files</Filter>
    </ClInclude>
    <ClInclude Include="..\..\..\Code\Layer1\Interface\PhysicalSystem\IPhysicalMesh.h">
      <Filter>Interface Files</Filter>
    </ClInclude>
    <ClInclude Include="..\..\..\Code\Layer1\Interface\PhysicalSystem\IPhysicalQuery.h">
      <Filter>Interface Files</Filter>
    </ClInclude>
    <ClInclude Include="..\..\..\Code\Layer1\Interface\PhysicalSystem\IPhysicalQueryMark.h">
      <Filter>Interface Files</Filter>
    </ClInclude>
    <ClInclude Include="..\..\..\Code\Layer1\Interface\PhysicalSystem\IPhysicalQueryResultReceiver.h">
      <Filter>Interface Files</Filter>
    </ClInclude>
    <ClInclude Include="..\..\..\Code\Layer1\Interface\PhysicalSystem\IPhysicalResourceManager.h">
      <Filter>Interface Files</Filter>
    </ClInclude>
    <ClInclude Include="..\..\..\Code\Layer1\Interface\PhysicalSystem\IPhysicalScene.h">
      <Filter>Interface Files</Filter>
    </ClInclude>
    <ClInclude Include="..\..\..\Code\Layer1\Interface\PhysicalSystem\IPhysicalSubEntitiy.h">
      <Filter>Interface Files</Filter>
    </ClInclude>
    <ClInclude Include="..\..\..\Code\Layer1\Interface\PhysicalSystem\IPhysicalSubMesh.h">
      <Filter>Interface Files</Filter>
    </ClInclude>
    <ClInclude Include="..\..\..\Code\Layer1\Interface\PhysicalSystem\IPhysicalSystem.h">
      <Filter>Interface Files</Filter>
    </ClInclude>
    <ClInclude Include="..\..\..\Code\Layer1\Interface\PhysicalSystem\IPhysicalSystemInterface.h">
      <Filter>Interface Files</Filter>
    </ClInclude>
    <ClInclude Include="..\..\..\Code\Layer1\Interface\PhysicalSystem\IPhysicalTransformer.h">
      <Filter>Interface Files</Filter>
    </ClInclude>
    <ClInclude Include="..\..\..\Code\Layer1\Source\PhysicalSystem\Precompiler.h">
      <Filter>Source Files</Filter>
    </ClInclude>
  </ItemGroup>
  <ItemGroup>
    <ClCompile Include="..\..\..\Code\Layer1\Source\PhysicalSystem\IEntityImp.cpp">
      <Filter>Source Files</Filter>
    </ClCompile>
    <ClCompile Include="..\..\..\Code\Layer1\Source\PhysicalSystem\IGeometryImp.cpp">
      <Filter>Source Files</Filter>
    </ClCompile>
    <ClCompile Include="..\..\..\Code\Layer1\Source\PhysicalSystem\IMeshImp.cpp">
      <Filter>Source Files</Filter>
    </ClCompile>
    <ClCompile Include="..\..\..\Code\Layer1\Source\PhysicalSystem\IQueryImp.cpp">
      <Filter>Source Files</Filter>
    </ClCompile>
    <ClCompile Include="..\..\..\Code\Layer1\Source\PhysicalSystem\IResourceManagerImp.cpp">
      <Filter>Source Files</Filter>
    </ClCompile>
    <ClCompile Include="..\..\..\Code\Layer1\Source\PhysicalSystem\ISceneImp.cpp">
      <Filter>Source Files</Filter>
    </ClCompile>
    <ClCompile Include="..\..\..\Code\Layer1\Source\PhysicalSystem\ISubEntityImp.cpp">
      <Filter>Source Files</Filter>
    </ClCompile>
    <ClCompile Include="..\..\..\Code\Layer1\Source\PhysicalSystem\ISubMeshImp.cpp">
      <Filter>Source Files</Filter>
    </ClCompile>
    <ClCompile Include="..\..\..\Code\Layer1\Source\PhysicalSystem\ISystemImp.cpp">
      <Filter>Source Files</Filter>
    </ClCompile>
    <ClCompile Include="..\..\..\Code\Layer1\Source\PhysicalSystem\ITransformerImp.cpp">
      <Filter>Source Files</Filter>
    </ClCompile>
    <ClCompile Include="..\..\..\Code\Layer1\Source\PhysicalSystem\Precompiler.cpp">
      <Filter>Source Files</Filter>
    </ClCompile>
  </ItemGroup>
</Project>