<?xml version="1.0" encoding="utf-8"?>
<Project ToolsVersion="4.0" xmlns="http://schemas.microsoft.com/developer/msbuild/2003">
  <ItemGroup>
    <Filter Include="Source Files">
      <UniqueIdentifier>{4FC737F1-C7A5-4376-A066-2A32D752A2FF}</UniqueIdentifier>
      <Extensions>cpp;c;cc;cxx;def;odl;idl;hpj;bat;asm;asmx</Extensions>
    </Filter>
    <Filter Include="Header Files">
      <UniqueIdentifier>{93995380-89BD-4b04-88EB-625FBE52EBFB}</UniqueIdentifier>
      <Extensions>h;hh;hpp;hxx;hm;inl;inc;xsd</Extensions>
    </Filter>
    <Filter Include="Resource Files">
      <UniqueIdentifier>{67DA6AB6-F800-4c08-8B7A-83BB121AAD01}</UniqueIdentifier>
      <Extensions>rc;ico;cur;bmp;dlg;rc2;rct;bin;rgs;gif;jpg;jpeg;jpe;resx;tiff;tif;png;wav;mfcribbon-ms</Extensions>
    </Filter>
  </ItemGroup>
  <ItemGroup>
    <Text Include="ReadMe.txt" />
  </ItemGroup>
  <ItemGroup>
    <ClInclude Include="..\..\..\Code\Layer1\Include\RenderSystem_GL4\GL4BaseObject.h">
      <Filter>Header Files</Filter>
    </ClInclude>
    <ClInclude Include="..\..\..\Code\Layer1\Include\RenderSystem_GL4\GL4Camera.h">
      <Filter>Header Files</Filter>
    </ClInclude>
    <ClInclude Include="..\..\..\Code\Layer1\Include\RenderSystem_GL4\GL4ConstantBuffer.h">
      <Filter>Header Files</Filter>
    </ClInclude>
    <ClInclude Include="..\..\..\Code\Layer1\Include\RenderSystem_GL4\GL4ConstantBufferContainer.h">
      <Filter>Header Files</Filter>
    </ClInclude>
    <ClInclude Include="..\..\..\Code\Layer1\Include\RenderSystem_GL4\GL4ConstantBufferDescription.h">
      <Filter>Header Files</Filter>
    </ClInclude>
    <ClInclude Include="..\..\..\Code\Layer1\Include\RenderSystem_GL4\GL4ConstantBufferDescriptionManager.h">
      <Filter>Header Files</Filter>
    </ClInclude>
    <ClInclude Include="..\..\..\Code\Layer1\Include\RenderSystem_GL4\GL4DepthStencil.h">
      <Filter>Header Files</Filter>
    </ClInclude>
    <ClInclude Include="..\..\..\Code\Layer1\Include\RenderSystem_GL4\GL4Enum.h">
      <Filter>Header Files</Filter>
    </ClInclude>
    <ClInclude Include="..\..\..\Code\Layer1\Include\RenderSystem_GL4\GL4ForwardPixelShaderGenerator.h">
      <Filter>Header Files</Filter>
    </ClInclude>
    <ClInclude Include="..\..\..\Code\Layer1\Include\RenderSystem_GL4\GL4ForwardVertexShaderGenerator.h">
      <Filter>Header Files</Filter>
    </ClInclude>
    <ClInclude Include="..\..\..\Code\Layer1\Include\RenderSystem_GL4\GL4Geometry.h">
      <Filter>Header Files</Filter>
    </ClInclude>
    <ClInclude Include="..\..\..\Code\Layer1\Include\RenderSystem_GL4\GL4IndexBufferImp.h">
      <Filter>Header Files</Filter>
    </ClInclude>
    <ClInclude Include="..\..\..\Code\Layer1\Include\RenderSystem_GL4\GL4Light.h">
      <Filter>Header Files</Filter>
    </ClInclude>
    <ClInclude Include="..\..\..\Code\Layer1\Include\RenderSystem_GL4\GL4Program.h">
      <Filter>Header Files</Filter>
    </ClInclude>
    <ClInclude Include="..\..\..\Code\Layer1\Include\RenderSystem_GL4\GL4RenderOperation.h">
      <Filter>Header Files</Filter>
    </ClInclude>
    <ClInclude Include="..\..\..\Code\Layer1\Include\RenderSystem_GL4\GL4RenderTarget.h">
      <Filter>Header Files</Filter>
    </ClInclude>
    <ClInclude Include="..\..\..\Code\Layer1\Include\RenderSystem_GL4\GL4RenderTargetImp.h">
      <Filter>Header Files</Filter>
    </ClInclude>
    <ClInclude Include="..\..\..\Code\Layer1\Include\RenderSystem_GL4\GL4RenderTask.h">
      <Filter>Header Files</Filter>
    </ClInclude>
    <ClInclude Include="..\..\..\Code\Layer1\Include\RenderSystem_GL4\GL4RenderTaskMT.h">
      <Filter>Header Files</Filter>
    </ClInclude>
    <ClInclude Include="..\..\..\Code\Layer1\Include\RenderSystem_GL4\GL4RenderTaskST.h">
      <Filter>Header Files</Filter>
    </ClInclude>
    <ClInclude Include="..\..\..\Code\Layer1\Include\RenderSystem_GL4\GL4Scene.h">
      <Filter>Header Files</Filter>
    </ClInclude>
    <ClInclude Include="..\..\..\Code\Layer1\Include\RenderSystem_GL4\GL4ShaderManager.h">
      <Filter>Header Files</Filter>
    </ClInclude>
    <ClInclude Include="..\..\..\Code\Layer1\Include\RenderSystem_GL4\GL4SystemImp.h">
      <Filter>Header Files</Filter>
    </ClInclude>
    <ClInclude Include="..\..\..\Code\Layer1\Include\RenderSystem_GL4\GL4Texture.h">
      <Filter>Header Files</Filter>
    </ClInclude>
    <ClInclude Include="..\..\..\Code\Layer1\Include\RenderSystem_GL4\GL4TransformerImp.h">
      <Filter>Header Files</Filter>
    </ClInclude>
    <ClInclude Include="..\..\..\Code\Layer1\Include\RenderSystem_GL4\GL4Utility.h">
      <Filter>Header Files</Filter>
    </ClInclude>
    <ClInclude Include="..\..\..\Code\Layer1\Include\RenderSystem_GL4\GL4VertexBufferImp.h">
      <Filter>Header Files</Filter>
    </ClInclude>
    <ClInclude Include="..\..\..\Code\Layer1\Include\RenderSystem_GL4\GL4Viewport.h">
      <Filter>Header Files</Filter>
    </ClInclude>
    <ClInclude Include="..\..\..\Code\Layer1\Include\RenderSystem_GL4\GL4ViewportImp.h">
      <Filter>Header Files</Filter>
    </ClInclude>
    <ClInclude Include="..\..\..\Code\Layer1\Source\RenderSystem_GL4\Precompiler.h">
      <Filter>Source Files</Filter>
    </ClInclude>
    <ClInclude Include="..\..\..\Code\Layer1\Include\RenderSystem_GL4\GL4Pass.h">
      <Filter>Header Files</Filter>
    </ClInclude>
    <ClInclude Include="..\..\..\Code\Layer1\Include\RenderSystem_GL4\GL4EntityPass.h">
      <Filter>Header Files</Filter>
    </ClInclude>
    <ClInclude Include="..\..\..\Code\Layer1\Include\RenderSystem_GL4\GL4EntityTechnique.h">
      <Filter>Header Files</Filter>
    </ClInclude>
    <ClInclude Include="..\..\..\Code\Layer1\Include\RenderSystem_GL4\GL4EntityMaterial.h">
      <Filter>Header Files</Filter>
    </ClInclude>
    <ClInclude Include="..\..\..\Code\Layer1\Include\RenderSystem_GL4\GL4EntityRenderableImp.h">
      <Filter>Header Files</Filter>
    </ClInclude>
    <ClInclude Include="..\..\..\Code\Layer1\Include\RenderSystem_GL4\GL4EntityImp.h">
      <Filter>Header Files</Filter>
    </ClInclude>
    <ClInclude Include="..\..\..\Code\Layer1\Include\RenderSystem_GL4\GL4WindowImp.h">
      <Filter>Header Files</Filter>
    </ClInclude>
    <ClInclude Include="..\..\..\Code\Layer1\Include\RenderSystem_GL4\GL4Resource.h">
      <Filter>Header Files</Filter>
    </ClInclude>
    <ClInclude Include="..\..\..\Code\Layer1\Include\RenderSystem_GL4\GL4ClearViewportProgram.h">
      <Filter>Header Files</Filter>
    </ClInclude>
    <ClInclude Include="..\..\..\Code\Layer1\Include\RenderSystem_GL4\GL4OverlayManager.h">
      <Filter>Header Files</Filter>
    </ClInclude>
    <ClInclude Include="..\..\..\Code\Layer1\Include\RenderSystem_GL4\GL4OverlayMaterial.h">
      <Filter>Header Files</Filter>
    </ClInclude>
    <ClInclude Include="..\..\..\Code\Layer1\Include\RenderSystem_GL4\GL4OverlayMaterialManager.h">
      <Filter>Header Files</Filter>
    </ClInclude>
    <ClInclude Include="..\..\..\Code\Layer1\Include\RenderSystem_GL4\GL4OverlayRenderable.h">
      <Filter>Header Files</Filter>
    </ClInclude>
    <ClInclude Include="..\..\..\Code\Layer1\Include\RenderSystem_GL4\GL4SamplerObject.h">
      <Filter>Header Files</Filter>
    </ClInclude>
  </ItemGroup>
  <ItemGroup>
    <ClCompile Include="..\..\..\Code\Layer1\Source\RenderSystem_GL4\GL4Camera.cpp">
      <Filter>Source Files</Filter>
    </ClCompile>
    <ClCompile Include="..\..\..\Code\Layer1\Source\RenderSystem_GL4\GL4ConstantBuffer.cpp">
      <Filter>Source Files</Filter>
    </ClCompile>
    <ClCompile Include="..\..\..\Code\Layer1\Source\RenderSystem_GL4\GL4ConstantBufferContainer.cpp">
      <Filter>Source Files</Filter>
    </ClCompile>
    <ClCompile Include="..\..\..\Code\Layer1\Source\RenderSystem_GL4\GL4ConstantBufferDescription.cpp">
      <Filter>Source Files</Filter>
    </ClCompile>
    <ClCompile Include="..\..\..\Code\Layer1\Source\RenderSystem_GL4\GL4ConstantBufferDescriptionManager.cpp">
      <Filter>Source Files</Filter>
    </ClCompile>
    <ClCompile Include="..\..\..\Code\Layer1\Source\RenderSystem_GL4\GL4DepthStencil.cpp">
      <Filter>Source Files</Filter>
    </ClCompile>
    <ClCompile Include="..\..\..\Code\Layer1\Source\RenderSystem_GL4\GL4ForwardPixelShaderGenerator.cpp">
      <Filter>Source Files</Filter>
    </ClCompile>
    <ClCompile Include="..\..\..\Code\Layer1\Source\RenderSystem_GL4\GL4ForwardVertexShaderGenerator.cpp">
      <Filter>Source Files</Filter>
    </ClCompile>
    <ClCompile Include="..\..\..\Code\Layer1\Source\RenderSystem_GL4\GL4Geometry.cpp">
      <Filter>Source Files</Filter>
    </ClCompile>
    <ClCompile Include="..\..\..\Code\Layer1\Source\RenderSystem_GL4\GL4IndexBufferImp.cpp">
      <Filter>Source Files</Filter>
    </ClCompile>
    <ClCompile Include="..\..\..\Code\Layer1\Source\RenderSystem_GL4\GL4Light.cpp">
      <Filter>Source Files</Filter>
    </ClCompile>
    <ClCompile Include="..\..\..\Code\Layer1\Source\RenderSystem_GL4\GL4Program.cpp">
      <Filter>Source Files</Filter>
    </ClCompile>
    <ClCompile Include="..\..\..\Code\Layer1\Source\RenderSystem_GL4\Gl4RenderOperation.cpp">
      <Filter>Source Files</Filter>
    </ClCompile>
    <ClCompile Include="..\..\..\Code\Layer1\Source\RenderSystem_GL4\GL4RenderTarget.cpp">
      <Filter>Source Files</Filter>
    </ClCompile>
    <ClCompile Include="..\..\..\Code\Layer1\Source\RenderSystem_GL4\GL4RenderTargetImp.cpp">
      <Filter>Source Files</Filter>
    </ClCompile>
    <ClCompile Include="..\..\..\Code\Layer1\Source\RenderSystem_GL4\GL4RenderTaskMT.cpp">
      <Filter>Source Files</Filter>
    </ClCompile>
    <ClCompile Include="..\..\..\Code\Layer1\Source\RenderSystem_GL4\GL4RenderTaskST.cpp">
      <Filter>Source Files</Filter>
    </ClCompile>
    <ClCompile Include="..\..\..\Code\Layer1\Source\RenderSystem_GL4\GL4Scene.cpp">
      <Filter>Source Files</Filter>
    </ClCompile>
    <ClCompile Include="..\..\..\Code\Layer1\Source\RenderSystem_GL4\GL4ShaderManager.cpp">
      <Filter>Source Files</Filter>
    </ClCompile>
    <ClCompile Include="..\..\..\Code\Layer1\Source\RenderSystem_GL4\GL4SystemImp.cpp">
      <Filter>Source Files</Filter>
    </ClCompile>
    <ClCompile Include="..\..\..\Code\Layer1\Source\RenderSystem_GL4\GL4Texture.cpp">
      <Filter>Source Files</Filter>
    </ClCompile>
    <ClCompile Include="..\..\..\Code\Layer1\Source\RenderSystem_GL4\GL4TransformerImp.cpp">
      <Filter>Source Files</Filter>
    </ClCompile>
    <ClCompile Include="..\..\..\Code\Layer1\Source\RenderSystem_GL4\GL4VertexBufferImp.cpp">
      <Filter>Source Files</Filter>
    </ClCompile>
    <ClCompile Include="..\..\..\Code\Layer1\Source\RenderSystem_GL4\GL4Viewport.cpp">
      <Filter>Source Files</Filter>
    </ClCompile>
    <ClCompile Include="..\..\..\Code\Layer1\Source\RenderSystem_GL4\GL4ViewportImp.cpp">
      <Filter>Source Files</Filter>
    </ClCompile>
    <ClCompile Include="..\..\..\Code\Layer1\Source\RenderSystem_GL4\glew.c">
      <Filter>Source Files</Filter>
    </ClCompile>
    <ClCompile Include="..\..\..\Code\Layer1\Source\RenderSystem_GL4\Precompiler.cpp">
      <Filter>Source Files</Filter>
    </ClCompile>
    <ClCompile Include="..\..\..\Code\Layer1\Source\RenderSystem_GL4\GL4Pass.cpp">
      <Filter>Source Files</Filter>
    </ClCompile>
    <ClCompile Include="..\..\..\Code\Layer1\Source\RenderSystem_GL4\GL4EntityPass.cpp">
      <Filter>Source Files</Filter>
    </ClCompile>
    <ClCompile Include="..\..\..\Code\Layer1\Source\RenderSystem_GL4\GL4EntityTechnique.cpp">
      <Filter>Source Files</Filter>
    </ClCompile>
    <ClCompile Include="..\..\..\Code\Layer1\Source\RenderSystem_GL4\GL4EntityMaterial.cpp">
      <Filter>Source Files</Filter>
    </ClCompile>
    <ClCompile Include="..\..\..\Code\Layer1\Source\RenderSystem_GL4\GL4EntityRenderableImp.cpp">
      <Filter>Source Files</Filter>
    </ClCompile>
    <ClCompile Include="..\..\..\Code\Layer1\Source\RenderSystem_GL4\GL4EntityImp.cpp">
      <Filter>Source Files</Filter>
    </ClCompile>
    <ClCompile Include="..\..\..\Code\Layer1\Source\RenderSystem_GL4\GL4WindowImp.cpp">
      <Filter>Source Files</Filter>
    </ClCompile>
    <ClCompile Include="..\..\..\Code\Layer1\Source\RenderSystem_GL4\GL4Resource.cpp">
      <Filter>Source Files</Filter>
    </ClCompile>
    <ClCompile Include="..\..\..\Code\Layer1\Source\RenderSystem_GL4\GL4ClearViewportProgram.cpp">
      <Filter>Source Files</Filter>
    </ClCompile>
    <ClCompile Include="..\..\..\Code\Layer1\Source\RenderSystem_GL4\GL4OverlayManager.cpp">
      <Filter>Source Files</Filter>
    </ClCompile>
    <ClCompile Include="..\..\..\Code\Layer1\Source\RenderSystem_GL4\GL4OverlayMaterial.cpp">
      <Filter>Source Files</Filter>
    </ClCompile>
    <ClCompile Include="..\..\..\Code\Layer1\Source\RenderSystem_GL4\GL4OverlayMaterialManager.cpp">
      <Filter>Source Files</Filter>
    </ClCompile>
    <ClCompile Include="..\..\..\Code\Layer1\Source\RenderSystem_GL4\GL4OverlayRenderable.cpp">
      <Filter>Source Files</Filter>
    </ClCompile>
    <ClCompile Include="..\..\..\Code\Layer1\Source\RenderSystem_GL4\GL4SamplerObject.cpp">
      <Filter>Source Files</Filter>
    </ClCompile>
  </ItemGroup>
</Project>