<?xml version="1.0" encoding="utf-8"?>
<Project ToolsVersion="4.0" xmlns="http://schemas.microsoft.com/developer/msbuild/2003">
  <ItemGroup>
    <Filter Include="Source Files">
      <UniqueIdentifier>{4FC737F1-C7A5-4376-A066-2A32D752A2FF}</UniqueIdentifier>
      <Extensions>cpp;c;cc;cxx;def;odl;idl;hpj;bat;asm;asmx</Extensions>
    </Filter>
    <Filter Include="Header Files">
      <UniqueIdentifier>{93995380-89BD-4b04-88EB-625FBE52EBFB}</UniqueIdentifier>
      <Extensions>h;hh;hpp;hxx;hm;inl;inc;xsd</Extensions>
    </Filter>
    <Filter Include="Resource Files">
      <UniqueIdentifier>{67DA6AB6-F800-4c08-8B7A-83BB121AAD01}</UniqueIdentifier>
      <Extensions>rc;ico;cur;bmp;dlg;rc2;rct;bin;rgs;gif;jpg;jpeg;jpe;resx;tiff;tif;png;wav;mfcribbon-ms</Extensions>
    </Filter>
  </ItemGroup>
  <ItemGroup>
    <Text Include="ReadMe.txt" />
  </ItemGroup>
  <ItemGroup>
    <ClInclude Include="..\..\..\Code\Layer1\Include\RenderSystem_D3D11\D3D11BaseObject.h">
      <Filter>Header Files</Filter>
    </ClInclude>
    <ClInclude Include="..\..\..\Code\Layer1\Include\RenderSystem_D3D11\D3D11Camera.h">
      <Filter>Header Files</Filter>
    </ClInclude>
    <ClInclude Include="..\..\..\Code\Layer1\Include\RenderSystem_D3D11\D3D11ClearViewportShader.h">
      <Filter>Header Files</Filter>
    </ClInclude>
    <ClInclude Include="..\..\..\Code\Layer1\Include\RenderSystem_D3D11\D3D11ConstantBuffer.h">
      <Filter>Header Files</Filter>
    </ClInclude>
    <ClInclude Include="..\..\..\Code\Layer1\Include\RenderSystem_D3D11\D3D11ConstantBufferContainer.h">
      <Filter>Header Files</Filter>
    </ClInclude>
    <ClInclude Include="..\..\..\Code\Layer1\Include\RenderSystem_D3D11\D3D11ConstantBufferDescription.h">
      <Filter>Header Files</Filter>
    </ClInclude>
    <ClInclude Include="..\..\..\Code\Layer1\Include\RenderSystem_D3D11\D3D11ConstantBufferDescriptionManager.h">
      <Filter>Header Files</Filter>
    </ClInclude>
    <ClInclude Include="..\..\..\Code\Layer1\Include\RenderSystem_D3D11\D3D11DepthStencil.h">
      <Filter>Header Files</Filter>
    </ClInclude>
    <ClInclude Include="..\..\..\Code\Layer1\Include\RenderSystem_D3D11\D3D11Enum.h">
      <Filter>Header Files</Filter>
    </ClInclude>
    <ClInclude Include="..\..\..\Code\Layer1\Include\RenderSystem_D3D11\D3D11ForwardPixelShaderGenerator.h">
      <Filter>Header Files</Filter>
    </ClInclude>
    <ClInclude Include="..\..\..\Code\Layer1\Include\RenderSystem_D3D11\D3D11ForwardVertexShaderGenerator.h">
      <Filter>Header Files</Filter>
    </ClInclude>
    <ClInclude Include="..\..\..\Code\Layer1\Include\RenderSystem_D3D11\D3D11IndexBufferImp.h">
      <Filter>Header Files</Filter>
    </ClInclude>
    <ClInclude Include="..\..\..\Code\Layer1\Include\RenderSystem_D3D11\D3D11Light.h">
      <Filter>Header Files</Filter>
    </ClInclude>
    <ClInclude Include="..\..\..\Code\Layer1\Include\RenderSystem_D3D11\D3D11RenderOperation.h">
      <Filter>Header Files</Filter>
    </ClInclude>
    <ClInclude Include="..\..\..\Code\Layer1\Include\RenderSystem_D3D11\D3D11RenderTarget.h">
      <Filter>Header Files</Filter>
    </ClInclude>
    <ClInclude Include="..\..\..\Code\Layer1\Include\RenderSystem_D3D11\D3D11RenderTargetImp.h">
      <Filter>Header Files</Filter>
    </ClInclude>
    <ClInclude Include="..\..\..\Code\Layer1\Include\RenderSystem_D3D11\D3D11RenderTask.h">
      <Filter>Header Files</Filter>
    </ClInclude>
    <ClInclude Include="..\..\..\Code\Layer1\Include\RenderSystem_D3D11\D3D11RenderTaskMT.h">
      <Filter>Header Files</Filter>
    </ClInclude>
    <ClInclude Include="..\..\..\Code\Layer1\Include\RenderSystem_D3D11\D3D11RenderTaskMTDS.h">
      <Filter>Header Files</Filter>
    </ClInclude>
    <ClInclude Include="..\..\..\Code\Layer1\Include\RenderSystem_D3D11\D3D11RenderTaskST.h">
      <Filter>Header Files</Filter>
    </ClInclude>
    <ClInclude Include="..\..\..\Code\Layer1\Include\RenderSystem_D3D11\D3D11Shader.h">
      <Filter>Header Files</Filter>
    </ClInclude>
    <ClInclude Include="..\..\..\Code\Layer1\Include\RenderSystem_D3D11\D3D11ShaderCodeManager.h">
      <Filter>Header Files</Filter>
    </ClInclude>
    <ClInclude Include="..\..\..\Code\Layer1\Include\RenderSystem_D3D11\D3D11SystemImp.h">
      <Filter>Header Files</Filter>
    </ClInclude>
    <ClInclude Include="..\..\..\Code\Layer1\Include\RenderSystem_D3D11\D3D11Texture.h">
      <Filter>Header Files</Filter>
    </ClInclude>
    <ClInclude Include="..\..\..\Code\Layer1\Include\RenderSystem_D3D11\D3D11Utility.h">
      <Filter>Header Files</Filter>
    </ClInclude>
    <ClInclude Include="..\..\..\Code\Layer1\Include\RenderSystem_D3D11\D3D11Viewport.h">
      <Filter>Header Files</Filter>
    </ClInclude>
    <ClInclude Include="..\..\..\Code\Layer1\Include\RenderSystem_D3D11\D3D11ViewportImp.h">
      <Filter>Header Files</Filter>
    </ClInclude>
    <ClInclude Include="..\..\..\Code\Layer1\Source\RenderSystem_D3D11\Precompiler.h">
      <Filter>Source Files</Filter>
    </ClInclude>
    <ClInclude Include="..\..\..\Code\Layer1\Include\RenderSystem_D3D11\D3D11Resource.h">
      <Filter>Header Files</Filter>
    </ClInclude>
    <ClInclude Include="..\..\..\Code\Layer1\Include\RenderSystem_D3D11\D3D11WindowImp.h">
      <Filter>Header Files</Filter>
    </ClInclude>
    <ClInclude Include="..\..\..\Code\Layer1\Include\RenderSystem_D3D11\D3D11RenderableSurfaceImp.h">
      <Filter>Header Files</Filter>
    </ClInclude>
    <ClInclude Include="..\..\..\Code\Layer1\Include\RenderSystem_D3D11\D3D11OverlayRenderable.h">
      <Filter>Header Files</Filter>
    </ClInclude>
    <ClInclude Include="..\..\..\Code\Layer1\Include\RenderSystem_D3D11\D3D11OverlayMaterial.h">
      <Filter>Header Files</Filter>
    </ClInclude>
    <ClInclude Include="..\..\..\Code\Layer1\Include\RenderSystem_D3D11\D3D11OverlayManager.h">
      <Filter>Header Files</Filter>
    </ClInclude>
    <ClInclude Include="..\..\..\Code\Layer1\Include\RenderSystem_D3D11\D3D11EntityMaterial.h">
      <Filter>Header Files</Filter>
    </ClInclude>
    <ClInclude Include="..\..\..\Code\Layer1\Include\RenderSystem_D3D11\D3D11EntityImp.h">
      <Filter>Header Files</Filter>
    </ClInclude>
    <ClInclude Include="..\..\..\Code\Layer1\Include\RenderSystem_D3D11\D3D11EntityTechnique.h">
      <Filter>Header Files</Filter>
    </ClInclude>
    <ClInclude Include="..\..\..\Code\Layer1\Include\RenderSystem_D3D11\D3D11Pass.h">
      <Filter>Header Files</Filter>
    </ClInclude>
    <ClInclude Include="..\..\..\Code\Layer1\Include\RenderSystem_D3D11\D3D11OverlayMaterialManager.h">
      <Filter>Header Files</Filter>
    </ClInclude>
    <ClInclude Include="..\..\..\Code\Layer1\Include\RenderSystem_D3D11\D3D11SkyImp.h">
      <Filter>Header Files</Filter>
    </ClInclude>
    <ClInclude Include="..\..\..\Code\Layer1\Include\RenderSystem_D3D11\D3D11TransformerImp.h">
      <Filter>Header Files</Filter>
    </ClInclude>
    <ClInclude Include="..\..\..\Code\Layer1\Include\RenderSystem_D3D11\D3D11SceneImp.h">
      <Filter>Header Files</Filter>
    </ClInclude>
    <ClInclude Include="..\..\..\Code\Layer1\Include\RenderSystem_D3D11\D3D11GeometryImp.h">
      <Filter>Header Files</Filter>
    </ClInclude>
    <ClInclude Include="..\..\..\Code\Layer1\Include\RenderSystem_D3D11\D3D11EntityForwardPass.h">
      <Filter>Header Files</Filter>
    </ClInclude>
    <ClInclude Include="..\..\..\Code\Layer1\Include\RenderSystem_D3D11\D3D11EntityPass.h">
      <Filter>Header Files</Filter>
    </ClInclude>
    <ClInclude Include="..\..\..\Code\Layer1\Include\RenderSystem_D3D11\D3D11EntityQueryPass.h">
      <Filter>Header Files</Filter>
    </ClInclude>
    <ClInclude Include="..\..\..\Code\Layer1\Include\RenderSystem_D3D11\D3D11SubEntityImp.h">
      <Filter>Header Files</Filter>
    </ClInclude>
    <ClInclude Include="..\..\..\Code\Layer1\Include\RenderSystem_D3D11\D3D11VertexBufferImp.h">
      <Filter>Header Files</Filter>
    </ClInclude>
    <ClInclude Include="..\..\..\Code\Layer1\Include\RenderSystem_D3D11\D3D11BufferUpdater.h">
      <Filter>Header Files</Filter>
    </ClInclude>
    <ClInclude Include="..\..\..\Code\Layer1\Include\RenderSystem_D3D11\D3D11BufferImp.h">
      <Filter>Header Files</Filter>
    </ClInclude>
  </ItemGroup>
  <ItemGroup>
    <ClCompile Include="..\..\..\Code\Layer1\Source\RenderSystem_D3D11\D3D11Camera.cpp">
      <Filter>Source Files</Filter>
    </ClCompile>
    <ClCompile Include="..\..\..\Code\Layer1\Source\RenderSystem_D3D11\D3D11ClearViewportShader.cpp">
      <Filter>Source Files</Filter>
    </ClCompile>
    <ClCompile Include="..\..\..\Code\Layer1\Source\RenderSystem_D3D11\D3D11ConstantBuffer.cpp">
      <Filter>Source Files</Filter>
    </ClCompile>
    <ClCompile Include="..\..\..\Code\Layer1\Source\RenderSystem_D3D11\D3D11ConstantBufferContainer.cpp">
      <Filter>Source Files</Filter>
    </ClCompile>
    <ClCompile Include="..\..\..\Code\Layer1\Source\RenderSystem_D3D11\D3D11ConstantBufferDescription.cpp">
      <Filter>Source Files</Filter>
    </ClCompile>
    <ClCompile Include="..\..\..\Code\Layer1\Source\RenderSystem_D3D11\D3D11ConstantBufferDescriptionManager.cpp">
      <Filter>Source Files</Filter>
    </ClCompile>
    <ClCompile Include="..\..\..\Code\Layer1\Source\RenderSystem_D3D11\D3D11DepthStencil.cpp">
      <Filter>Source Files</Filter>
    </ClCompile>
    <ClCompile Include="..\..\..\Code\Layer1\Source\RenderSystem_D3D11\D3D11ForwardPixelShaderGenerator.cpp">
      <Filter>Source Files</Filter>
    </ClCompile>
    <ClCompile Include="..\..\..\Code\Layer1\Source\RenderSystem_D3D11\D3D11ForwardVertexShaderGenerator.cpp">
      <Filter>Source Files</Filter>
    </ClCompile>
    <ClCompile Include="..\..\..\Code\Layer1\Source\RenderSystem_D3D11\D3D11IndexBufferImp.cpp">
      <Filter>Source Files</Filter>
    </ClCompile>
    <ClCompile Include="..\..\..\Code\Layer1\Source\RenderSystem_D3D11\D3D11Light.cpp">
      <Filter>Source Files</Filter>
    </ClCompile>
    <ClCompile Include="..\..\..\Code\Layer1\Source\RenderSystem_D3D11\D3D11RenderOperation.cpp">
      <Filter>Source Files</Filter>
    </ClCompile>
    <ClCompile Include="..\..\..\Code\Layer1\Source\RenderSystem_D3D11\D3D11RenderTarget.cpp">
      <Filter>Source Files</Filter>
    </ClCompile>
    <ClCompile Include="..\..\..\Code\Layer1\Source\RenderSystem_D3D11\D3D11RenderTargetImp.cpp">
      <Filter>Source Files</Filter>
    </ClCompile>
    <ClCompile Include="..\..\..\Code\Layer1\Source\RenderSystem_D3D11\D3D11RenderTaskMT.cpp">
      <Filter>Source Files</Filter>
    </ClCompile>
    <ClCompile Include="..\..\..\Code\Layer1\Source\RenderSystem_D3D11\D3D11RenderTaskMTDS.cpp">
      <Filter>Source Files</Filter>
    </ClCompile>
    <ClCompile Include="..\..\..\Code\Layer1\Source\RenderSystem_D3D11\D3D11RenderTaskST.cpp">
      <Filter>Source Files</Filter>
    </ClCompile>
    <ClCompile Include="..\..\..\Code\Layer1\Source\RenderSystem_D3D11\D3D11Shader.cpp">
      <Filter>Source Files</Filter>
    </ClCompile>
    <ClCompile Include="..\..\..\Code\Layer1\Source\RenderSystem_D3D11\D3D11ShaderCodeManager.cpp">
      <Filter>Source Files</Filter>
    </ClCompile>
    <ClCompile Include="..\..\..\Code\Layer1\Source\RenderSystem_D3D11\D3D11SystemImp.cpp">
      <Filter>Source Files</Filter>
    </ClCompile>
    <ClCompile Include="..\..\..\Code\Layer1\Source\RenderSystem_D3D11\D3D11Texture.cpp">
      <Filter>Source Files</Filter>
    </ClCompile>
    <ClCompile Include="..\..\..\Code\Layer1\Source\RenderSystem_D3D11\D3D11Viewport.cpp">
      <Filter>Source Files</Filter>
    </ClCompile>
    <ClCompile Include="..\..\..\Code\Layer1\Source\RenderSystem_D3D11\D3D11ViewportImp.cpp">
      <Filter>Source Files</Filter>
    </ClCompile>
    <ClCompile Include="..\..\..\Code\Layer1\Source\RenderSystem_D3D11\Precompiler.cpp">
      <Filter>Source Files</Filter>
    </ClCompile>
    <ClCompile Include="..\..\..\Code\Layer1\Source\RenderSystem_D3D11\D3D11Resource.cpp">
      <Filter>Source Files</Filter>
    </ClCompile>
    <ClCompile Include="..\..\..\Code\Layer1\Source\RenderSystem_D3D11\D3D11WindowImp.cpp">
      <Filter>Source Files</Filter>
    </ClCompile>
    <ClCompile Include="..\..\..\Code\Layer1\Source\RenderSystem_D3D11\D3D11RenderableSurfaceImp.cpp">
      <Filter>Source Files</Filter>
    </ClCompile>
    <ClCompile Include="..\..\..\Code\Layer1\Source\RenderSystem_D3D11\D3D11OverlayRenderable.cpp">
      <Filter>Source Files</Filter>
    </ClCompile>
    <ClCompile Include="..\..\..\Code\Layer1\Source\RenderSystem_D3D11\D3D11OverlayMaterial.cpp">
      <Filter>Source Files</Filter>
    </ClCompile>
    <ClCompile Include="..\..\..\Code\Layer1\Source\RenderSystem_D3D11\D3D11OverlayManager.cpp">
      <Filter>Source Files</Filter>
    </ClCompile>
    <ClCompile Include="..\..\..\Code\Layer1\Source\RenderSystem_D3D11\D3D11EntityMaterial.cpp">
      <Filter>Source Files</Filter>
    </ClCompile>
    <ClCompile Include="..\..\..\Code\Layer1\Source\RenderSystem_D3D11\D3D11EntityImp.cpp">
      <Filter>Source Files</Filter>
    </ClCompile>
    <ClCompile Include="..\..\..\Code\Layer1\Source\RenderSystem_D3D11\D3D11EntityTechnique.cpp">
      <Filter>Source Files</Filter>
    </ClCompile>
    <ClCompile Include="..\..\..\Code\Layer1\Source\RenderSystem_D3D11\D3D11Pass.cpp">
      <Filter>Source Files</Filter>
    </ClCompile>
    <ClCompile Include="..\..\..\Code\Layer1\Source\RenderSystem_D3D11\D3D11OverlayMaterialManager.cpp">
      <Filter>Source Files</Filter>
    </ClCompile>
    <ClCompile Include="..\..\..\Code\Layer1\Source\RenderSystem_D3D11\D3D11SkyImp.cpp">
      <Filter>Source Files</Filter>
    </ClCompile>
    <ClCompile Include="..\..\..\Code\Layer1\Source\RenderSystem_D3D11\D3D11TransformerImp.cpp">
      <Filter>Source Files</Filter>
    </ClCompile>
    <ClCompile Include="..\..\..\Code\Layer1\Source\RenderSystem_D3D11\D3D11SceneImp.cpp">
      <Filter>Source Files</Filter>
    </ClCompile>
    <ClCompile Include="..\..\..\Code\Layer1\Source\RenderSystem_D3D11\D3D11GeometryImp.cpp">
      <Filter>Source Files</Filter>
    </ClCompile>
    <ClCompile Include="..\..\..\Code\Layer1\Source\RenderSystem_D3D11\D3D11EntityForwardPass.cpp">
      <Filter>Source Files</Filter>
    </ClCompile>
    <ClCompile Include="..\..\..\Code\Layer1\Source\RenderSystem_D3D11\D3D11EntityPass.cpp">
      <Filter>Source Files</Filter>
    </ClCompile>
    <ClCompile Include="..\..\..\Code\Layer1\Source\RenderSystem_D3D11\D3D11EntityQueryPass.cpp">
      <Filter>Source Files</Filter>
    </ClCompile>
    <ClCompile Include="..\..\..\Code\Layer1\Source\RenderSystem_D3D11\D3D11SubEntityImp.cpp">
      <Filter>Source Files</Filter>
    </ClCompile>
    <ClCompile Include="..\..\..\Code\Layer1\Source\RenderSystem_D3D11\D3D11VertexBufferImp.cpp">
      <Filter>Source Files</Filter>
    </ClCompile>
    <ClCompile Include="..\..\..\Code\Layer1\Source\RenderSystem_D3D11\D3D11BufferUpdater.cpp">
      <Filter>Source Files</Filter>
    </ClCompile>
    <ClCompile Include="..\..\..\Code\Layer1\Source\RenderSystem_D3D11\D3D11BufferImp.cpp">
      <Filter>Source Files</Filter>
    </ClCompile>
  </ItemGroup>
</Project>