<?xml version="1.0" encoding="utf-8"?>
<Project ToolsVersion="4.0" xmlns="http://schemas.microsoft.com/developer/msbuild/2003">
  <ItemGroup>
    <Filter Include="源文件">
      <UniqueIdentifier>{4FC737F1-C7A5-4376-A066-2A32D752A2FF}</UniqueIdentifier>
      <Extensions>cpp;c;cc;cxx;def;odl;idl;hpj;bat;asm;asmx</Extensions>
    </Filter>
    <Filter Include="头文件">
      <UniqueIdentifier>{93995380-89BD-4b04-88EB-625FBE52EBFB}</UniqueIdentifier>
      <Extensions>h;hh;hpp;hxx;hm;inl;inc;xsd</Extensions>
    </Filter>
    <Filter Include="资源文件">
      <UniqueIdentifier>{67DA6AB6-F800-4c08-8B7A-83BB121AAD01}</UniqueIdentifier>
      <Extensions>rc;ico;cur;bmp;dlg;rc2;rct;bin;rgs;gif;jpg;jpeg;jpe;resx;tiff;tif;png;wav;mfcribbon-ms</Extensions>
    </Filter>
  </ItemGroup>
  <ItemGroup>
    <ClCompile Include="..\..\..\Code\Layer1\Source\RenderSystem_GLES3\Precompiler.cpp">
      <Filter>源文件</Filter>
    </ClCompile>
    <ClCompile Include="..\..\..\Code\Layer1\Source\RenderSystem_GLES3\GLES3Camera.cpp">
      <Filter>源文件</Filter>
    </ClCompile>
    <ClCompile Include="..\..\..\Code\Layer1\Source\RenderSystem_GLES3\GLES3ClearViewportProgram.cpp">
      <Filter>源文件</Filter>
    </ClCompile>
    <ClCompile Include="..\..\..\Code\Layer1\Source\RenderSystem_GLES3\GLES3ConstantBuffer.cpp">
      <Filter>源文件</Filter>
    </ClCompile>
    <ClCompile Include="..\..\..\Code\Layer1\Source\RenderSystem_GLES3\GLES3ConstantBufferContainer.cpp">
      <Filter>源文件</Filter>
    </ClCompile>
    <ClCompile Include="..\..\..\Code\Layer1\Source\RenderSystem_GLES3\GLES3ConstantBufferDescription.cpp">
      <Filter>源文件</Filter>
    </ClCompile>
    <ClCompile Include="..\..\..\Code\Layer1\Source\RenderSystem_GLES3\GLES3ConstantBufferDescriptionManager.cpp">
      <Filter>源文件</Filter>
    </ClCompile>
    <ClCompile Include="..\..\..\Code\Layer1\Source\RenderSystem_GLES3\GLES3DepthStencil.cpp">
      <Filter>源文件</Filter>
    </ClCompile>
    <ClCompile Include="..\..\..\Code\Layer1\Source\RenderSystem_GLES3\GLES3EntityImp.cpp">
      <Filter>源文件</Filter>
    </ClCompile>
    <ClCompile Include="..\..\..\Code\Layer1\Source\RenderSystem_GLES3\GLES3EntityMaterial.cpp">
      <Filter>源文件</Filter>
    </ClCompile>
    <ClCompile Include="..\..\..\Code\Layer1\Source\RenderSystem_GLES3\GLES3EntityPass.cpp">
      <Filter>源文件</Filter>
    </ClCompile>
    <ClCompile Include="..\..\..\Code\Layer1\Source\RenderSystem_GLES3\GLES3EntityRenderableImp.cpp">
      <Filter>源文件</Filter>
    </ClCompile>
    <ClCompile Include="..\..\..\Code\Layer1\Source\RenderSystem_GLES3\GLES3EntityTechnique.cpp">
      <Filter>源文件</Filter>
    </ClCompile>
    <ClCompile Include="..\..\..\Code\Layer1\Source\RenderSystem_GLES3\GLES3ForwardPixelShaderGenerator.cpp">
      <Filter>源文件</Filter>
    </ClCompile>
    <ClCompile Include="..\..\..\Code\Layer1\Source\RenderSystem_GLES3\GLES3ForwardVertexShaderGenerator.cpp">
      <Filter>源文件</Filter>
    </ClCompile>
    <ClCompile Include="..\..\..\Code\Layer1\Source\RenderSystem_GLES3\GLES3Geometry.cpp">
      <Filter>源文件</Filter>
    </ClCompile>
    <ClCompile Include="..\..\..\Code\Layer1\Source\RenderSystem_GLES3\GLES3IndexBufferImp.cpp">
      <Filter>源文件</Filter>
    </ClCompile>
    <ClCompile Include="..\..\..\Code\Layer1\Source\RenderSystem_GLES3\GLES3Light.cpp">
      <Filter>源文件</Filter>
    </ClCompile>
    <ClCompile Include="..\..\..\Code\Layer1\Source\RenderSystem_GLES3\GLES3OverlayManager.cpp">
      <Filter>源文件</Filter>
    </ClCompile>
    <ClCompile Include="..\..\..\Code\Layer1\Source\RenderSystem_GLES3\GLES3OverlayMaterial.cpp">
      <Filter>源文件</Filter>
    </ClCompile>
    <ClCompile Include="..\..\..\Code\Layer1\Source\RenderSystem_GLES3\GLES3OverlayMaterialManager.cpp">
      <Filter>源文件</Filter>
    </ClCompile>
    <ClCompile Include="..\..\..\Code\Layer1\Source\RenderSystem_GLES3\GLES3OverlayRenderable.cpp">
      <Filter>源文件</Filter>
    </ClCompile>
    <ClCompile Include="..\..\..\Code\Layer1\Source\RenderSystem_GLES3\GLES3Pass.cpp">
      <Filter>源文件</Filter>
    </ClCompile>
    <ClCompile Include="..\..\..\Code\Layer1\Source\RenderSystem_GLES3\GLES3Program.cpp">
      <Filter>源文件</Filter>
    </ClCompile>
    <ClCompile Include="..\..\..\Code\Layer1\Source\RenderSystem_GLES3\GlES3RenderOperation.cpp">
      <Filter>源文件</Filter>
    </ClCompile>
    <ClCompile Include="..\..\..\Code\Layer1\Source\RenderSystem_GLES3\GLES3RenderTarget.cpp">
      <Filter>源文件</Filter>
    </ClCompile>
    <ClCompile Include="..\..\..\Code\Layer1\Source\RenderSystem_GLES3\GLES3RenderTargetImp.cpp">
      <Filter>源文件</Filter>
    </ClCompile>
    <ClCompile Include="..\..\..\Code\Layer1\Source\RenderSystem_GLES3\GLES3RenderTaskMT.cpp">
      <Filter>源文件</Filter>
    </ClCompile>
    <ClCompile Include="..\..\..\Code\Layer1\Source\RenderSystem_GLES3\GLES3RenderTaskST.cpp">
      <Filter>源文件</Filter>
    </ClCompile>
    <ClCompile Include="..\..\..\Code\Layer1\Source\RenderSystem_GLES3\GLES3Resource.cpp">
      <Filter>源文件</Filter>
    </ClCompile>
    <ClCompile Include="..\..\..\Code\Layer1\Source\RenderSystem_GLES3\GLES3SamplerObject.cpp">
      <Filter>源文件</Filter>
    </ClCompile>
    <ClCompile Include="..\..\..\Code\Layer1\Source\RenderSystem_GLES3\GLES3Scene.cpp">
      <Filter>源文件</Filter>
    </ClCompile>
    <ClCompile Include="..\..\..\Code\Layer1\Source\RenderSystem_GLES3\GLES3ShaderManager.cpp">
      <Filter>源文件</Filter>
    </ClCompile>
    <ClCompile Include="..\..\..\Code\Layer1\Source\RenderSystem_GLES3\GLES3SystemImp.cpp">
      <Filter>源文件</Filter>
    </ClCompile>
    <ClCompile Include="..\..\..\Code\Layer1\Source\RenderSystem_GLES3\GLES3Texture.cpp">
      <Filter>源文件</Filter>
    </ClCompile>
    <ClCompile Include="..\..\..\Code\Layer1\Source\RenderSystem_GLES3\GLES3TransformerImp.cpp">
      <Filter>源文件</Filter>
    </ClCompile>
    <ClCompile Include="..\..\..\Code\Layer1\Source\RenderSystem_GLES3\GLES3VertexBufferImp.cpp">
      <Filter>源文件</Filter>
    </ClCompile>
    <ClCompile Include="..\..\..\Code\Layer1\Source\RenderSystem_GLES3\GLES3Viewport.cpp">
      <Filter>源文件</Filter>
    </ClCompile>
    <ClCompile Include="..\..\..\Code\Layer1\Source\RenderSystem_GLES3\GLES3ViewportImp.cpp">
      <Filter>源文件</Filter>
    </ClCompile>
    <ClCompile Include="..\..\..\Code\Layer1\Source\RenderSystem_GLES3\GLES3WindowImp.cpp">
      <Filter>源文件</Filter>
    </ClCompile>
    <ClCompile Include="..\..\..\Code\Layer1\Source\Shader\GLESSL3_2DefnitionShaderCodeFunction.cpp">
      <Filter>源文件</Filter>
    </ClCompile>
  </ItemGroup>
  <ItemGroup>
    <ClInclude Include="..\..\..\Code\Layer1\Source\RenderSystem_GLES3\Precompiler.h">
      <Filter>源文件</Filter>
    </ClInclude>
    <ClInclude Include="..\..\..\Code\Layer1\Include\RenderSystem_GLES3\GLES3BaseObject.h">
      <Filter>头文件</Filter>
    </ClInclude>
    <ClInclude Include="..\..\..\Code\Layer1\Include\RenderSystem_GLES3\GLES3Camera.h">
      <Filter>头文件</Filter>
    </ClInclude>
    <ClInclude Include="..\..\..\Code\Layer1\Include\RenderSystem_GLES3\GLES3ClearViewportProgram.h">
      <Filter>头文件</Filter>
    </ClInclude>
    <ClInclude Include="..\..\..\Code\Layer1\Include\RenderSystem_GLES3\GLES3ConstantBuffer.h">
      <Filter>头文件</Filter>
    </ClInclude>
    <ClInclude Include="..\..\..\Code\Layer1\Include\RenderSystem_GLES3\GLES3ConstantBufferContainer.h">
      <Filter>头文件</Filter>
    </ClInclude>
    <ClInclude Include="..\..\..\Code\Layer1\Include\RenderSystem_GLES3\GLES3ConstantBufferDescription.h">
      <Filter>头文件</Filter>
    </ClInclude>
    <ClInclude Include="..\..\..\Code\Layer1\Include\RenderSystem_GLES3\GLES3ConstantBufferDescriptionManager.h">
      <Filter>头文件</Filter>
    </ClInclude>
    <ClInclude Include="..\..\..\Code\Layer1\Include\RenderSystem_GLES3\GLES3DepthStencil.h">
      <Filter>头文件</Filter>
    </ClInclude>
    <ClInclude Include="..\..\..\Code\Layer1\Include\RenderSystem_GLES3\GLES3EntityImp.h">
      <Filter>头文件</Filter>
    </ClInclude>
    <ClInclude Include="..\..\..\Code\Layer1\Include\RenderSystem_GLES3\GLES3EntityMaterial.h">
      <Filter>头文件</Filter>
    </ClInclude>
    <ClInclude Include="..\..\..\Code\Layer1\Include\RenderSystem_GLES3\GLES3EntityPass.h">
      <Filter>头文件</Filter>
    </ClInclude>
    <ClInclude Include="..\..\..\Code\Layer1\Include\RenderSystem_GLES3\GLES3EntityRenderableImp.h">
      <Filter>头文件</Filter>
    </ClInclude>
    <ClInclude Include="..\..\..\Code\Layer1\Include\RenderSystem_GLES3\GLES3EntityTechnique.h">
      <Filter>头文件</Filter>
    </ClInclude>
    <ClInclude Include="..\..\..\Code\Layer1\Include\RenderSystem_GLES3\GLES3Enum.h">
      <Filter>头文件</Filter>
    </ClInclude>
    <ClInclude Include="..\..\..\Code\Layer1\Include\RenderSystem_GLES3\GLES3ForwardPixelShaderGenerator.h">
      <Filter>头文件</Filter>
    </ClInclude>
    <ClInclude Include="..\..\..\Code\Layer1\Include\RenderSystem_GLES3\GLES3ForwardVertexShaderGenerator.h">
      <Filter>头文件</Filter>
    </ClInclude>
    <ClInclude Include="..\..\..\Code\Layer1\Include\RenderSystem_GLES3\GLES3Geometry.h">
      <Filter>头文件</Filter>
    </ClInclude>
    <ClInclude Include="..\..\..\Code\Layer1\Include\RenderSystem_GLES3\GLES3IndexBufferImp.h">
      <Filter>头文件</Filter>
    </ClInclude>
    <ClInclude Include="..\..\..\Code\Layer1\Include\RenderSystem_GLES3\GLES3Light.h">
      <Filter>头文件</Filter>
    </ClInclude>
    <ClInclude Include="..\..\..\Code\Layer1\Include\RenderSystem_GLES3\GLES3OverlayManager.h">
      <Filter>头文件</Filter>
    </ClInclude>
    <ClInclude Include="..\..\..\Code\Layer1\Include\RenderSystem_GLES3\GLES3OverlayMaterial.h">
      <Filter>头文件</Filter>
    </ClInclude>
    <ClInclude Include="..\..\..\Code\Layer1\Include\RenderSystem_GLES3\GLES3OverlayMaterialManager.h">
      <Filter>头文件</Filter>
    </ClInclude>
    <ClInclude Include="..\..\..\Code\Layer1\Include\RenderSystem_GLES3\GLES3OverlayRenderable.h">
      <Filter>头文件</Filter>
    </ClInclude>
    <ClInclude Include="..\..\..\Code\Layer1\Include\RenderSystem_GLES3\GLES3Pass.h">
      <Filter>头文件</Filter>
    </ClInclude>
    <ClInclude Include="..\..\..\Code\Layer1\Include\RenderSystem_GLES3\GLES3Program.h">
      <Filter>头文件</Filter>
    </ClInclude>
    <ClInclude Include="..\..\..\Code\Layer1\Include\RenderSystem_GLES3\GLES3RenderOperation.h">
      <Filter>头文件</Filter>
    </ClInclude>
    <ClInclude Include="..\..\..\Code\Layer1\Include\RenderSystem_GLES3\GLES3RenderTarget.h">
      <Filter>头文件</Filter>
    </ClInclude>
    <ClInclude Include="..\..\..\Code\Layer1\Include\RenderSystem_GLES3\GLES3RenderTargetImp.h">
      <Filter>头文件</Filter>
    </ClInclude>
    <ClInclude Include="..\..\..\Code\Layer1\Include\RenderSystem_GLES3\GLES3RenderTask.h">
      <Filter>头文件</Filter>
    </ClInclude>
    <ClInclude Include="..\..\..\Code\Layer1\Include\RenderSystem_GLES3\GLES3RenderTaskMT.h">
      <Filter>头文件</Filter>
    </ClInclude>
    <ClInclude Include="..\..\..\Code\Layer1\Include\RenderSystem_GLES3\GLES3RenderTaskST.h">
      <Filter>头文件</Filter>
    </ClInclude>
    <ClInclude Include="..\..\..\Code\Layer1\Include\RenderSystem_GLES3\GLES3Resource.h">
      <Filter>头文件</Filter>
    </ClInclude>
    <ClInclude Include="..\..\..\Code\Layer1\Include\RenderSystem_GLES3\GLES3SamplerObject.h">
      <Filter>头文件</Filter>
    </ClInclude>
    <ClInclude Include="..\..\..\Code\Layer1\Include\RenderSystem_GLES3\GLES3Scene.h">
      <Filter>头文件</Filter>
    </ClInclude>
    <ClInclude Include="..\..\..\Code\Layer1\Include\RenderSystem_GLES3\GLES3ShaderManager.h">
      <Filter>头文件</Filter>
    </ClInclude>
    <ClInclude Include="..\..\..\Code\Layer1\Include\RenderSystem_GLES3\GLES3SystemImp.h">
      <Filter>头文件</Filter>
    </ClInclude>
    <ClInclude Include="..\..\..\Code\Layer1\Include\RenderSystem_GLES3\GLES3Texture.h">
      <Filter>头文件</Filter>
    </ClInclude>
    <ClInclude Include="..\..\..\Code\Layer1\Include\RenderSystem_GLES3\GLES3TransformerImp.h">
      <Filter>头文件</Filter>
    </ClInclude>
    <ClInclude Include="..\..\..\Code\Layer1\Include\RenderSystem_GLES3\GLES3Utility.h">
      <Filter>头文件</Filter>
    </ClInclude>
    <ClInclude Include="..\..\..\Code\Layer1\Include\RenderSystem_GLES3\GLES3VertexBufferImp.h">
      <Filter>头文件</Filter>
    </ClInclude>
    <ClInclude Include="..\..\..\Code\Layer1\Include\RenderSystem_GLES3\GLES3Viewport.h">
      <Filter>头文件</Filter>
    </ClInclude>
    <ClInclude Include="..\..\..\Code\Layer1\Include\RenderSystem_GLES3\GLES3ViewportImp.h">
      <Filter>头文件</Filter>
    </ClInclude>
    <ClInclude Include="..\..\..\Code\Layer1\Include\RenderSystem_GLES3\GLES3WindowImp.h">
      <Filter>头文件</Filter>
    </ClInclude>
  </ItemGroup>
</Project>