
Microsoft Visual Studio Solution File, Format Version 12.00
# Visual Studio 14
VisualStudioVersion = 14.0.25420.1
MinimumVisualStudioVersion = 10.0.40219.1
Project("{8BC9CEB8-8B4A-11D0-8D11-00A0C91BC942}") = "Common", "Layer0\Common.vcxproj", "{F0D5FFC1-43A4-4786-8A8A-7A4935E48C4E}"
EndProject
Project("{2150E333-8FDC-42A3-9474-1A3956D46DE8}") = "Layer0", "Layer0", "{BA8FB757-1489-4A1D-8F3E-3008B0E9BC17}"
EndProject
Project("{2150E333-8FDC-42A3-9474-1A3956D46DE8}") = "Layer1", "Layer1", "{62445BEE-5766-42BF-9AB4-4307474B5D75}"
EndProject
Project("{8BC9CEB8-8B4A-11D0-8D11-00A0C91BC942}") = "InputSystem", "Layer1\InputSystem.vcxproj", "{D5CE16D7-3CE6-4A9E-AD52-098CA86DA75B}"
EndProject
Project("{8BC9CEB8-8B4A-11D0-8D11-00A0C91BC942}") = "NetworkSystem", "Layer1\NetworkSystem.vcxproj", "{3AFD9611-B882-45CD-92A2-159321DF0861}"
EndProject
Project("{8BC9CEB8-8B4A-11D0-8D11-00A0C91BC942}") = "InputSystem_DirectX", "Layer1\InputSystem_DirectX.vcxproj", "{052FD9DC-BCC1-4766-8E7F-E43E91F4B3FA}"
EndProject
Project("{8BC9CEB8-8B4A-11D0-8D11-00A0C91BC942}") = "NetworkSystem_WindowsSocket", "Layer1\NetworkSystem_WindowsSocket.vcxproj", "{1AC3D07C-53AB-4C61-A591-0167C6841852}"
EndProject
Project("{8BC9CEB8-8B4A-11D0-8D11-00A0C91BC942}") = "PhysicalSystem", "Layer1\PhysicalSystem.vcxproj", "{A5D07179-735C-4F57-9FC8-E15C75BD3159}"
EndProject
Project("{8BC9CEB8-8B4A-11D0-8D11-00A0C91BC942}") = "PhysicalSystem_Bullet", "Layer1\PhysicalSystem_Bullet.vcxproj", "{C99760A5-D753-49AE-9CB0-2DB2AC24F53D}"
EndProject
Project("{8BC9CEB8-8B4A-11D0-8D11-00A0C91BC942}") = "RenderSystem", "Layer1\RenderSystem.vcxproj", "{6370D2B2-ABDA-4A54-BCCB-9FB75368E79C}"
EndProject
Project("{8BC9CEB8-8B4A-11D0-8D11-00A0C91BC942}") = "RenderSystem_D3D11", "Layer1\RenderSystem_D3D11.vcxproj", "{1477B068-C612-4CC2-934D-DEA4A27A5A41}"
	ProjectSection(ProjectDependencies) = postProject
		{3E626FA0-4D45-4526-96A1-84478DA28623} = {3E626FA0-4D45-4526-96A1-84478DA28623}
	EndProjectSection
EndProject
Project("{8BC9CEB8-8B4A-11D0-8D11-00A0C91BC942}") = "RenderSystem_GL4", "Layer1\RenderSystem_GL4.vcxproj", "{FA3765A8-A738-4B63-B4D1-7BC74FBF2441}"
	ProjectSection(ProjectDependencies) = postProject
		{3E626FA0-4D45-4526-96A1-84478DA28623} = {3E626FA0-4D45-4526-96A1-84478DA28623}
	EndProjectSection
EndProject
Project("{8BC9CEB8-8B4A-11D0-8D11-00A0C91BC942}") = "ShaderCodeGenerator", "Layer1\ShaderCodeGenerator.vcxproj", "{3E626FA0-4D45-4526-96A1-84478DA28623}"
EndProject
Project("{2150E333-8FDC-42A3-9474-1A3956D46DE8}") = "Layer2", "Layer2", "{1CFAFD2E-0DAA-4421-8054-33F66811C676}"
EndProject
Project("{8BC9CEB8-8B4A-11D0-8D11-00A0C91BC942}") = "CubeBlockSystem", "Layer2\CubeBlockSystem.vcxproj", "{EE3F11A4-4D0D-4EC2-BF1C-B8531CCEE7CD}"
EndProject
Project("{8BC9CEB8-8B4A-11D0-8D11-00A0C91BC942}") = "CubeBlockWorld", "Layer2\CubeBlockWorld.vcxproj", "{08F7DA53-64B7-4209-B37C-D05B78CC71EB}"
EndProject
Project("{8BC9CEB8-8B4A-11D0-8D11-00A0C91BC942}") = "CubeBlockWorldTerrainGenerator", "Layer2\CubeBlockWorldTerrainGenerator.vcxproj", "{4BE848DE-24A2-4707-9E9E-3E52A5888917}"
EndProject
Project("{8BC9CEB8-8B4A-11D0-8D11-00A0C91BC942}") = "UISystem", "Layer2\UISystem.vcxproj", "{BFC5FA51-9ACC-4611-BC5D-8054C6D6EFAC}"
EndProject
Global
	GlobalSection(SolutionConfigurationPlatforms) = preSolution
		Debug|x64 = Debug|x64
		Debug|x86 = Debug|x86
		Release|x64 = Release|x64
		Release|x86 = Release|x86
	EndGlobalSection
	GlobalSection(ProjectConfigurationPlatforms) = postSolution
		{F0D5FFC1-43A4-4786-8A8A-7A4935E48C4E}.Debug|x64.ActiveCfg = Debug|x64
		{F0D5FFC1-43A4-4786-8A8A-7A4935E48C4E}.Debug|x64.Build.0 = Debug|x64
		{F0D5FFC1-43A4-4786-8A8A-7A4935E48C4E}.Debug|x86.ActiveCfg = Debug|Win32
		{F0D5FFC1-43A4-4786-8A8A-7A4935E48C4E}.Debug|x86.Build.0 = Debug|Win32
		{F0D5FFC1-43A4-4786-8A8A-7A4935E48C4E}.Release|x64.ActiveCfg = Release|x64
		{F0D5FFC1-43A4-4786-8A8A-7A4935E48C4E}.Release|x64.Build.0 = Release|x64
		{F0D5FFC1-43A4-4786-8A8A-7A4935E48C4E}.Release|x86.ActiveCfg = Release|Win32
		{F0D5FFC1-43A4-4786-8A8A-7A4935E48C4E}.Release|x86.Build.0 = Release|Win32
		{D5CE16D7-3CE6-4A9E-AD52-098CA86DA75B}.Debug|x64.ActiveCfg = Debug|x64
		{D5CE16D7-3CE6-4A9E-AD52-098CA86DA75B}.Debug|x64.Build.0 = Debug|x64
		{D5CE16D7-3CE6-4A9E-AD52-098CA86DA75B}.Debug|x86.ActiveCfg = Debug|Win32
		{D5CE16D7-3CE6-4A9E-AD52-098CA86DA75B}.Debug|x86.Build.0 = Debug|Win32
		{D5CE16D7-3CE6-4A9E-AD52-098CA86DA75B}.Release|x64.ActiveCfg = Release|x64
		{D5CE16D7-3CE6-4A9E-AD52-098CA86DA75B}.Release|x64.Build.0 = Release|x64
		{D5CE16D7-3CE6-4A9E-AD52-098CA86DA75B}.Release|x86.ActiveCfg = Release|Win32
		{D5CE16D7-3CE6-4A9E-AD52-098CA86DA75B}.Release|x86.Build.0 = Release|Win32
		{3AFD9611-B882-45CD-92A2-159321DF0861}.Debug|x64.ActiveCfg = Debug|x64
		{3AFD9611-B882-45CD-92A2-159321DF0861}.Debug|x64.Build.0 = Debug|x64
		{3AFD9611-B882-45CD-92A2-159321DF0861}.Debug|x86.ActiveCfg = Debug|Win32
		{3AFD9611-B882-45CD-92A2-159321DF0861}.Debug|x86.Build.0 = Debug|Win32
		{3AFD9611-B882-45CD-92A2-159321DF0861}.Release|x64.ActiveCfg = Release|x64
		{3AFD9611-B882-45CD-92A2-159321DF0861}.Release|x64.Build.0 = Release|x64
		{3AFD9611-B882-45CD-92A2-159321DF0861}.Release|x86.ActiveCfg = Release|Win32
		{3AFD9611-B882-45CD-92A2-159321DF0861}.Release|x86.Build.0 = Release|Win32
		{052FD9DC-BCC1-4766-8E7F-E43E91F4B3FA}.Debug|x64.ActiveCfg = Debug|x64
		{052FD9DC-BCC1-4766-8E7F-E43E91F4B3FA}.Debug|x64.Build.0 = Debug|x64
		{052FD9DC-BCC1-4766-8E7F-E43E91F4B3FA}.Debug|x86.ActiveCfg = Debug|Win32
		{052FD9DC-BCC1-4766-8E7F-E43E91F4B3FA}.Debug|x86.Build.0 = Debug|Win32
		{052FD9DC-BCC1-4766-8E7F-E43E91F4B3FA}.Release|x64.ActiveCfg = Release|x64
		{052FD9DC-BCC1-4766-8E7F-E43E91F4B3FA}.Release|x64.Build.0 = Release|x64
		{052FD9DC-BCC1-4766-8E7F-E43E91F4B3FA}.Release|x86.ActiveCfg = Release|Win32
		{052FD9DC-BCC1-4766-8E7F-E43E91F4B3FA}.Release|x86.Build.0 = Release|Win32
		{1AC3D07C-53AB-4C61-A591-0167C6841852}.Debug|x64.ActiveCfg = Debug|x64
		{1AC3D07C-53AB-4C61-A591-0167C6841852}.Debug|x64.Build.0 = Debug|x64
		{1AC3D07C-53AB-4C61-A591-0167C6841852}.Debug|x86.ActiveCfg = Debug|Win32
		{1AC3D07C-53AB-4C61-A591-0167C6841852}.Debug|x86.Build.0 = Debug|Win32
		{1AC3D07C-53AB-4C61-A591-0167C6841852}.Release|x64.ActiveCfg = Release|x64
		{1AC3D07C-53AB-4C61-A591-0167C6841852}.Release|x64.Build.0 = Release|x64
		{1AC3D07C-53AB-4C61-A591-0167C6841852}.Release|x86.ActiveCfg = Release|Win32
		{1AC3D07C-53AB-4C61-A591-0167C6841852}.Release|x86.Build.0 = Release|Win32
		{A5D07179-735C-4F57-9FC8-E15C75BD3159}.Debug|x64.ActiveCfg = Debug|x64
		{A5D07179-735C-4F57-9FC8-E15C75BD3159}.Debug|x64.Build.0 = Debug|x64
		{A5D07179-735C-4F57-9FC8-E15C75BD3159}.Debug|x86.ActiveCfg = Debug|Win32
		{A5D07179-735C-4F57-9FC8-E15C75BD3159}.Debug|x86.Build.0 = Debug|Win32
		{A5D07179-735C-4F57-9FC8-E15C75BD3159}.Release|x64.ActiveCfg = Release|x64
		{A5D07179-735C-4F57-9FC8-E15C75BD3159}.Release|x64.Build.0 = Release|x64
		{A5D07179-735C-4F57-9FC8-E15C75BD3159}.Release|x86.ActiveCfg = Release|Win32
		{A5D07179-735C-4F57-9FC8-E15C75BD3159}.Release|x86.Build.0 = Release|Win32
		{C99760A5-D753-49AE-9CB0-2DB2AC24F53D}.Debug|x64.ActiveCfg = Debug|x64
		{C99760A5-D753-49AE-9CB0-2DB2AC24F53D}.Debug|x64.Build.0 = Debug|x64
		{C99760A5-D753-49AE-9CB0-2DB2AC24F53D}.Debug|x86.ActiveCfg = Debug|Win32
		{C99760A5-D753-49AE-9CB0-2DB2AC24F53D}.Debug|x86.Build.0 = Debug|Win32
		{C99760A5-D753-49AE-9CB0-2DB2AC24F53D}.Release|x64.ActiveCfg = Release|x64
		{C99760A5-D753-49AE-9CB0-2DB2AC24F53D}.Release|x64.Build.0 = Release|x64
		{C99760A5-D753-49AE-9CB0-2DB2AC24F53D}.Release|x86.ActiveCfg = Release|Win32
		{C99760A5-D753-49AE-9CB0-2DB2AC24F53D}.Release|x86.Build.0 = Release|Win32
		{6370D2B2-ABDA-4A54-BCCB-9FB75368E79C}.Debug|x64.ActiveCfg = Debug|x64
		{6370D2B2-ABDA-4A54-BCCB-9FB75368E79C}.Debug|x64.Build.0 = Debug|x64
		{6370D2B2-ABDA-4A54-BCCB-9FB75368E79C}.Debug|x86.ActiveCfg = Debug|Win32
		{6370D2B2-ABDA-4A54-BCCB-9FB75368E79C}.Debug|x86.Build.0 = Debug|Win32
		{6370D2B2-ABDA-4A54-BCCB-9FB75368E79C}.Release|x64.ActiveCfg = Release|x64
		{6370D2B2-ABDA-4A54-BCCB-9FB75368E79C}.Release|x64.Build.0 = Release|x64
		{6370D2B2-ABDA-4A54-BCCB-9FB75368E79C}.Release|x86.ActiveCfg = Release|Win32
		{6370D2B2-ABDA-4A54-BCCB-9FB75368E79C}.Release|x86.Build.0 = Release|Win32
		{1477B068-C612-4CC2-934D-DEA4A27A5A41}.Debug|x64.ActiveCfg = Debug|x64
		{1477B068-C612-4CC2-934D-DEA4A27A5A41}.Debug|x64.Build.0 = Debug|x64
		{1477B068-C612-4CC2-934D-DEA4A27A5A41}.Debug|x86.ActiveCfg = Debug|Win32
		{1477B068-C612-4CC2-934D-DEA4A27A5A41}.Debug|x86.Build.0 = Debug|Win32
		{1477B068-C612-4CC2-934D-DEA4A27A5A41}.Release|x64.ActiveCfg = Release|x64
		{1477B068-C612-4CC2-934D-DEA4A27A5A41}.Release|x64.Build.0 = Release|x64
		{1477B068-C612-4CC2-934D-DEA4A27A5A41}.Release|x86.ActiveCfg = Release|Win32
		{1477B068-C612-4CC2-934D-DEA4A27A5A41}.Release|x86.Build.0 = Release|Win32
		{FA3765A8-A738-4B63-B4D1-7BC74FBF2441}.Debug|x64.ActiveCfg = Debug|x64
		{FA3765A8-A738-4B63-B4D1-7BC74FBF2441}.Debug|x64.Build.0 = Debug|x64
		{FA3765A8-A738-4B63-B4D1-7BC74FBF2441}.Debug|x86.ActiveCfg = Debug|Win32
		{FA3765A8-A738-4B63-B4D1-7BC74FBF2441}.Debug|x86.Build.0 = Debug|Win32
		{FA3765A8-A738-4B63-B4D1-7BC74FBF2441}.Release|x64.ActiveCfg = Release|x64
		{FA3765A8-A738-4B63-B4D1-7BC74FBF2441}.Release|x64.Build.0 = Release|x64
		{FA3765A8-A738-4B63-B4D1-7BC74FBF2441}.Release|x86.ActiveCfg = Release|Win32
		{FA3765A8-A738-4B63-B4D1-7BC74FBF2441}.Release|x86.Build.0 = Release|Win32
		{3E626FA0-4D45-4526-96A1-84478DA28623}.Debug|x64.ActiveCfg = Debug|x64
		{3E626FA0-4D45-4526-96A1-84478DA28623}.Debug|x64.Build.0 = Debug|x64
		{3E626FA0-4D45-4526-96A1-84478DA28623}.Debug|x86.ActiveCfg = Debug|Win32
		{3E626FA0-4D45-4526-96A1-84478DA28623}.Debug|x86.Build.0 = Debug|Win32
		{3E626FA0-4D45-4526-96A1-84478DA28623}.Release|x64.ActiveCfg = Release|x64
		{3E626FA0-4D45-4526-96A1-84478DA28623}.Release|x64.Build.0 = Release|x64
		{3E626FA0-4D45-4526-96A1-84478DA28623}.Release|x86.ActiveCfg = Release|Win32
		{3E626FA0-4D45-4526-96A1-84478DA28623}.Release|x86.Build.0 = Release|Win32
		{EE3F11A4-4D0D-4EC2-BF1C-B8531CCEE7CD}.Debug|x64.ActiveCfg = Debug|x64
		{EE3F11A4-4D0D-4EC2-BF1C-B8531CCEE7CD}.Debug|x64.Build.0 = Debug|x64
		{EE3F11A4-4D0D-4EC2-BF1C-B8531CCEE7CD}.Debug|x86.ActiveCfg = Debug|Win32
		{EE3F11A4-4D0D-4EC2-BF1C-B8531CCEE7CD}.Debug|x86.Build.0 = Debug|Win32
		{EE3F11A4-4D0D-4EC2-BF1C-B8531CCEE7CD}.Release|x64.ActiveCfg = Release|x64
		{EE3F11A4-4D0D-4EC2-BF1C-B8531CCEE7CD}.Release|x64.Build.0 = Release|x64
		{EE3F11A4-4D0D-4EC2-BF1C-B8531CCEE7CD}.Release|x86.ActiveCfg = Release|Win32
		{EE3F11A4-4D0D-4EC2-BF1C-B8531CCEE7CD}.Release|x86.Build.0 = Release|Win32
		{08F7DA53-64B7-4209-B37C-D05B78CC71EB}.Debug|x64.ActiveCfg = Debug|x64
		{08F7DA53-64B7-4209-B37C-D05B78CC71EB}.Debug|x64.Build.0 = Debug|x64
		{08F7DA53-64B7-4209-B37C-D05B78CC71EB}.Debug|x86.ActiveCfg = Debug|Win32
		{08F7DA53-64B7-4209-B37C-D05B78CC71EB}.Debug|x86.Build.0 = Debug|Win32
		{08F7DA53-64B7-4209-B37C-D05B78CC71EB}.Release|x64.ActiveCfg = Release|x64
		{08F7DA53-64B7-4209-B37C-D05B78CC71EB}.Release|x64.Build.0 = Release|x64
		{08F7DA53-64B7-4209-B37C-D05B78CC71EB}.Release|x86.ActiveCfg = Release|Win32
		{08F7DA53-64B7-4209-B37C-D05B78CC71EB}.Release|x86.Build.0 = Release|Win32
		{4BE848DE-24A2-4707-9E9E-3E52A5888917}.Debug|x64.ActiveCfg = Debug|x64
		{4BE848DE-24A2-4707-9E9E-3E52A5888917}.Debug|x64.Build.0 = Debug|x64
		{4BE848DE-24A2-4707-9E9E-3E52A5888917}.Debug|x86.ActiveCfg = Debug|Win32
		{4BE848DE-24A2-4707-9E9E-3E52A5888917}.Debug|x86.Build.0 = Debug|Win32
		{4BE848DE-24A2-4707-9E9E-3E52A5888917}.Release|x64.ActiveCfg = Release|x64
		{4BE848DE-24A2-4707-9E9E-3E52A5888917}.Release|x64.Build.0 = Release|x64
		{4BE848DE-24A2-4707-9E9E-3E52A5888917}.Release|x86.ActiveCfg = Release|Win32
		{4BE848DE-24A2-4707-9E9E-3E52A5888917}.Release|x86.Build.0 = Release|Win32
		{BFC5FA51-9ACC-4611-BC5D-8054C6D6EFAC}.Debug|x64.ActiveCfg = Debug|x64
		{BFC5FA51-9ACC-4611-BC5D-8054C6D6EFAC}.Debug|x64.Build.0 = Debug|x64
		{BFC5FA51-9ACC-4611-BC5D-8054C6D6EFAC}.Debug|x86.ActiveCfg = Debug|Win32
		{BFC5FA51-9ACC-4611-BC5D-8054C6D6EFAC}.Debug|x86.Build.0 = Debug|Win32
		{BFC5FA51-9ACC-4611-BC5D-8054C6D6EFAC}.Release|x64.ActiveCfg = Release|x64
		{BFC5FA51-9ACC-4611-BC5D-8054C6D6EFAC}.Release|x64.Build.0 = Release|x64
		{BFC5FA51-9ACC-4611-BC5D-8054C6D6EFAC}.Release|x86.ActiveCfg = Release|Win32
		{BFC5FA51-9ACC-4611-BC5D-8054C6D6EFAC}.Release|x86.Build.0 = Release|Win32
	EndGlobalSection
	GlobalSection(SolutionProperties) = preSolution
		HideSolutionNode = FALSE
	EndGlobalSection
	GlobalSection(NestedProjects) = preSolution
		{F0D5FFC1-43A4-4786-8A8A-7A4935E48C4E} = {BA8FB757-1489-4A1D-8F3E-3008B0E9BC17}
		{D5CE16D7-3CE6-4A9E-AD52-098CA86DA75B} = {62445BEE-5766-42BF-9AB4-4307474B5D75}
		{3AFD9611-B882-45CD-92A2-159321DF0861} = {62445BEE-5766-42BF-9AB4-4307474B5D75}
		{052FD9DC-BCC1-4766-8E7F-E43E91F4B3FA} = {62445BEE-5766-42BF-9AB4-4307474B5D75}
		{1AC3D07C-53AB-4C61-A591-0167C6841852} = {62445BEE-5766-42BF-9AB4-4307474B5D75}
		{A5D07179-735C-4F57-9FC8-E15C75BD3159} = {62445BEE-5766-42BF-9AB4-4307474B5D75}
		{C99760A5-D753-49AE-9CB0-2DB2AC24F53D} = {62445BEE-5766-42BF-9AB4-4307474B5D75}
		{6370D2B2-ABDA-4A54-BCCB-9FB75368E79C} = {62445BEE-5766-42BF-9AB4-4307474B5D75}
		{1477B068-C612-4CC2-934D-DEA4A27A5A41} = {62445BEE-5766-42BF-9AB4-4307474B5D75}
		{FA3765A8-A738-4B63-B4D1-7BC74FBF2441} = {62445BEE-5766-42BF-9AB4-4307474B5D75}
		{3E626FA0-4D45-4526-96A1-84478DA28623} = {62445BEE-5766-42BF-9AB4-4307474B5D75}
		{EE3F11A4-4D0D-4EC2-BF1C-B8531CCEE7CD} = {1CFAFD2E-0DAA-4421-8054-33F66811C676}
		{08F7DA53-64B7-4209-B37C-D05B78CC71EB} = {1CFAFD2E-0DAA-4421-8054-33F66811C676}
		{4BE848DE-24A2-4707-9E9E-3E52A5888917} = {1CFAFD2E-0DAA-4421-8054-33F66811C676}
		{BFC5FA51-9ACC-4611-BC5D-8054C6D6EFAC} = {1CFAFD2E-0DAA-4421-8054-33F66811C676}
	EndGlobalSection
EndGlobal
