
Microsoft Visual Studio Solution File, Format Version 12.00
# Visual Studio 15
VisualStudioVersion = 15.0.26430.15
MinimumVisualStudioVersion = 10.0.40219.1
Project("{2150E333-8FDC-42A3-9474-1A3956D46DE8}") = "Layer0", "Layer0", "{BA8FB757-1489-4A1D-8F3E-3008B0E9BC17}"
EndProject
Project("{2150E333-8FDC-42A3-9474-1A3956D46DE8}") = "Layer1", "Layer1", "{62445BEE-5766-42BF-9AB4-4307474B5D75}"
EndProject
Project("{2150E333-8FDC-42A3-9474-1A3956D46DE8}") = "Layer2", "Layer2", "{1CFAFD2E-0DAA-4421-8054-33F66811C676}"
EndProject
Project("{2150E333-8FDC-42A3-9474-1A3956D46DE8}") = "Test", "Test", "{4A658D4F-ABD9-4E66-B849-349C93179C39}"
EndProject
Project("{2150E333-8FDC-42A3-9474-1A3956D46DE8}") = "Ungrouped", "Ungrouped", "{4DA610B1-0E58-4355-BE3A-3E5988CF2B11}"
EndProject
Project("{2150E333-8FDC-42A3-9474-1A3956D46DE8}") = "Editor", "Editor", "{E1B8AC70-0880-428F-A69B-0BBD91F13A50}"
EndProject
Project("{2150E333-8FDC-42A3-9474-1A3956D46DE8}") = "Shader", "Shader", "{5F075A03-B5A6-4BDB-8252-A7E64A979480}"
	ProjectSection(SolutionItems) = preProject
		..\..\Code\Layer1\Source\Shader\cbClearViewport.sl = ..\..\Code\Layer1\Source\Shader\cbClearViewport.sl
		..\..\Code\Layer1\Source\Shader\cbCommon.sl = ..\..\Code\Layer1\Source\Shader\cbCommon.sl
		..\..\Code\Layer1\Source\Shader\cbLight.sl = ..\..\Code\Layer1\Source\Shader\cbLight.sl
		..\..\Code\Layer1\Source\Shader\cbObject.sl = ..\..\Code\Layer1\Source\Shader\cbObject.sl
		..\..\Code\Layer1\Source\Shader\cbShadow.sl = ..\..\Code\Layer1\Source\Shader\cbShadow.sl
		..\..\Code\Layer1\Source\Shader\ClearViewport.hlsl = ..\..\Code\Layer1\Source\Shader\ClearViewport.hlsl
		..\..\Code\Layer1\Source\Shader\ClearViewportPixel.glsl = ..\..\Code\Layer1\Source\Shader\ClearViewportPixel.glsl
		..\..\Code\Layer1\Source\Shader\ClearViewportVertex.glsl = ..\..\Code\Layer1\Source\Shader\ClearViewportVertex.glsl
		..\..\Code\Layer1\Source\Shader\Defines.sl = ..\..\Code\Layer1\Source\Shader\Defines.sl
		..\..\Code\Layer1\Source\Shader\ForwardPixelShader.glsl = ..\..\Code\Layer1\Source\Shader\ForwardPixelShader.glsl
		..\..\Code\Layer1\Source\Shader\ForwardPixelShaderCode.sl = ..\..\Code\Layer1\Source\Shader\ForwardPixelShaderCode.sl
		..\..\Code\Layer1\Source\Shader\ForwardShader.hlsl = ..\..\Code\Layer1\Source\Shader\ForwardShader.hlsl
		..\..\Code\Layer1\Source\Shader\ForwardShader.sl = ..\..\Code\Layer1\Source\Shader\ForwardShader.sl
		..\..\Code\Layer1\Source\Shader\ForwardVertexShader.glsl = ..\..\Code\Layer1\Source\Shader\ForwardVertexShader.glsl
		..\..\Code\Layer1\Source\Shader\ForwardVertexShaderCode.sl = ..\..\Code\Layer1\Source\Shader\ForwardVertexShaderCode.sl
		..\..\Code\Layer1\Source\Shader\Functions.sl = ..\..\Code\Layer1\Source\Shader\Functions.sl
		..\..\Code\Layer1\Source\Shader\FunctionsEx.sl = ..\..\Code\Layer1\Source\Shader\FunctionsEx.sl
		..\..\Code\Layer1\Source\Shader\OverlayPixelShader.glsl = ..\..\Code\Layer1\Source\Shader\OverlayPixelShader.glsl
		..\..\Code\Layer1\Source\Shader\OverlayPixelShaderCode.sl = ..\..\Code\Layer1\Source\Shader\OverlayPixelShaderCode.sl
		..\..\Code\Layer1\Source\Shader\OverlayShader.hlsl = ..\..\Code\Layer1\Source\Shader\OverlayShader.hlsl
		..\..\Code\Layer1\Source\Shader\OverlayShader.sl = ..\..\Code\Layer1\Source\Shader\OverlayShader.sl
		..\..\Code\Layer1\Source\Shader\OverlayVertexShader.glsl = ..\..\Code\Layer1\Source\Shader\OverlayVertexShader.glsl
		..\..\Code\Layer1\Source\Shader\OverlayVertexShaderCode.sl = ..\..\Code\Layer1\Source\Shader\OverlayVertexShaderCode.sl
		..\..\Code\Layer1\Source\Shader\QueryPixelShaderCode.sl = ..\..\Code\Layer1\Source\Shader\QueryPixelShaderCode.sl
		..\..\Code\Layer1\Source\Shader\QueryShader.hlsl = ..\..\Code\Layer1\Source\Shader\QueryShader.hlsl
		..\..\Code\Layer1\Source\Shader\QueryShader.sl = ..\..\Code\Layer1\Source\Shader\QueryShader.sl
		..\..\Code\Layer1\Source\Shader\QueryVertexShaderCode.sl = ..\..\Code\Layer1\Source\Shader\QueryVertexShaderCode.sl
	EndProjectSection
EndProject
Project("{2150E333-8FDC-42A3-9474-1A3956D46DE8}") = "Game", "Game", "{023BFBB4-8272-4044-A31A-D2C42EC113FC}"
EndProject
Project("{8BC9CEB8-8B4A-11D0-8D11-00A0C91BC942}") = "UIEditor.2017", "Editor\UIEditor.2017.vcxproj", "{641B7340-AF01-4A78-B736-2A4D17CFD6C2}"
EndProject
Project("{8BC9CEB8-8B4A-11D0-8D11-00A0C91BC942}") = "DevilCraft.2017", "Game\DevilCraft.2017.vcxproj", "{E1D21E02-81F4-40E6-84B6-CC98870AA6BF}"
EndProject
Project("{8BC9CEB8-8B4A-11D0-8D11-00A0C91BC942}") = "DevilFightChess.2017", "Game\DevilFightChess.2017.vcxproj", "{EE51A87B-CEDB-4263-A524-C40E8B3802EA}"
	ProjectSection(ProjectDependencies) = postProject
		{3AFD9611-B882-45CD-92A2-159321DF0861} = {3AFD9611-B882-45CD-92A2-159321DF0861}
		{BFC5FA51-9ACC-4611-BC5D-8054C6D6EFAC} = {BFC5FA51-9ACC-4611-BC5D-8054C6D6EFAC}
		{1477B068-C612-4CC2-934D-DEA4A27A5A41} = {1477B068-C612-4CC2-934D-DEA4A27A5A41}
		{A5D07179-735C-4F57-9FC8-E15C75BD3159} = {A5D07179-735C-4F57-9FC8-E15C75BD3159}
		{1AC3D07C-53AB-4C61-A591-0167C6841852} = {1AC3D07C-53AB-4C61-A591-0167C6841852}
		{C99760A5-D753-49AE-9CB0-2DB2AC24F53D} = {C99760A5-D753-49AE-9CB0-2DB2AC24F53D}
		{FA3765A8-A738-4B63-B4D1-7BC74FBF2441} = {FA3765A8-A738-4B63-B4D1-7BC74FBF2441}
		{6370D2B2-ABDA-4A54-BCCB-9FB75368E79C} = {6370D2B2-ABDA-4A54-BCCB-9FB75368E79C}
		{0EAE0DBF-8E60-4363-A680-460B5E1CD4EB} = {0EAE0DBF-8E60-4363-A680-460B5E1CD4EB}
		{F0D5FFC1-43A4-4786-8A8A-7A4935E48C4E} = {F0D5FFC1-43A4-4786-8A8A-7A4935E48C4E}
		{D5CE16D7-3CE6-4A9E-AD52-098CA86DA75B} = {D5CE16D7-3CE6-4A9E-AD52-098CA86DA75B}
		{052FD9DC-BCC1-4766-8E7F-E43E91F4B3FA} = {052FD9DC-BCC1-4766-8E7F-E43E91F4B3FA}
		{7E3A73F1-03D5-41E2-9EE8-59F18D5D31E0} = {7E3A73F1-03D5-41E2-9EE8-59F18D5D31E0}
		{F43877F7-806A-49AF-AC38-72CFF8A43E22} = {F43877F7-806A-49AF-AC38-72CFF8A43E22}
	EndProjectSection
EndProject
Project("{8BC9CEB8-8B4A-11D0-8D11-00A0C91BC942}") = "Common.2017", "Layer0\Common.2017.vcxproj", "{F0D5FFC1-43A4-4786-8A8A-7A4935E48C4E}"
EndProject
Project("{8BC9CEB8-8B4A-11D0-8D11-00A0C91BC942}") = "InputSystem.2017", "Layer1\InputSystem.2017.vcxproj", "{D5CE16D7-3CE6-4A9E-AD52-098CA86DA75B}"
EndProject
Project("{8BC9CEB8-8B4A-11D0-8D11-00A0C91BC942}") = "InputSystem_DirectX.2017", "Layer1\InputSystem_DirectX.2017.vcxproj", "{052FD9DC-BCC1-4766-8E7F-E43E91F4B3FA}"
EndProject
Project("{8BC9CEB8-8B4A-11D0-8D11-00A0C91BC942}") = "NetworkSystem.2017", "Layer1\NetworkSystem.2017.vcxproj", "{3AFD9611-B882-45CD-92A2-159321DF0861}"
EndProject
Project("{8BC9CEB8-8B4A-11D0-8D11-00A0C91BC942}") = "NetworkSystem_WindowsSocket.2017", "Layer1\NetworkSystem_WindowsSocket.2017.vcxproj", "{1AC3D07C-53AB-4C61-A591-0167C6841852}"
EndProject
Project("{8BC9CEB8-8B4A-11D0-8D11-00A0C91BC942}") = "PhysicalSystem.2017", "Layer1\PhysicalSystem.2017.vcxproj", "{A5D07179-735C-4F57-9FC8-E15C75BD3159}"
EndProject
Project("{8BC9CEB8-8B4A-11D0-8D11-00A0C91BC942}") = "PhysicalSystem_Bullet.2017", "Layer1\PhysicalSystem_Bullet.2017.vcxproj", "{C99760A5-D753-49AE-9CB0-2DB2AC24F53D}"
EndProject
Project("{8BC9CEB8-8B4A-11D0-8D11-00A0C91BC942}") = "RenderSystem.2017", "Layer1\RenderSystem.2017.vcxproj", "{6370D2B2-ABDA-4A54-BCCB-9FB75368E79C}"
	ProjectSection(ProjectDependencies) = postProject
		{3E626FA0-4D45-4526-96A1-84478DA28623} = {3E626FA0-4D45-4526-96A1-84478DA28623}
	EndProjectSection
EndProject
Project("{8BC9CEB8-8B4A-11D0-8D11-00A0C91BC942}") = "RenderSystem_D3D11.2017", "Layer1\RenderSystem_D3D11.2017.vcxproj", "{1477B068-C612-4CC2-934D-DEA4A27A5A41}"
	ProjectSection(ProjectDependencies) = postProject
		{3E626FA0-4D45-4526-96A1-84478DA28623} = {3E626FA0-4D45-4526-96A1-84478DA28623}
	EndProjectSection
EndProject
Project("{8BC9CEB8-8B4A-11D0-8D11-00A0C91BC942}") = "RenderSystem_GL4.2017", "Layer1\RenderSystem_GL4.2017.vcxproj", "{FA3765A8-A738-4B63-B4D1-7BC74FBF2441}"
	ProjectSection(ProjectDependencies) = postProject
		{3E626FA0-4D45-4526-96A1-84478DA28623} = {3E626FA0-4D45-4526-96A1-84478DA28623}
	EndProjectSection
EndProject
Project("{8BC9CEB8-8B4A-11D0-8D11-00A0C91BC942}") = "ShaderCodeGenerator.2017", "Layer1\ShaderCodeGenerator.2017.vcxproj", "{3E626FA0-4D45-4526-96A1-84478DA28623}"
EndProject
Project("{8BC9CEB8-8B4A-11D0-8D11-00A0C91BC942}") = "Application.2017", "Layer2\Application.2017.vcxproj", "{F6ACEF2B-3735-490A-8C34-13DC3C4CC22F}"
EndProject
Project("{8BC9CEB8-8B4A-11D0-8D11-00A0C91BC942}") = "CubeBlockSystem.2017", "Layer2\CubeBlockSystem.2017.vcxproj", "{EE3F11A4-4D0D-4EC2-BF1C-B8531CCEE7CD}"
EndProject
Project("{8BC9CEB8-8B4A-11D0-8D11-00A0C91BC942}") = "CubeBlockWorld.2017", "Layer2\CubeBlockWorld.2017.vcxproj", "{08F7DA53-64B7-4209-B37C-D05B78CC71EB}"
EndProject
Project("{8BC9CEB8-8B4A-11D0-8D11-00A0C91BC942}") = "CubeBlockWorldTerrainGenerator.2017", "Layer2\CubeBlockWorldTerrainGenerator.2017.vcxproj", "{4BE848DE-24A2-4707-9E9E-3E52A5888917}"
EndProject
Project("{8BC9CEB8-8B4A-11D0-8D11-00A0C91BC942}") = "GUISystem.2017", "Layer2\GUISystem.2017.vcxproj", "{0EAE0DBF-8E60-4363-A680-460B5E1CD4EB}"
EndProject
Project("{8BC9CEB8-8B4A-11D0-8D11-00A0C91BC942}") = "ResourceSystem.2017", "Layer2\ResourceSystem.2017.vcxproj", "{F43877F7-806A-49AF-AC38-72CFF8A43E22}"
EndProject
Project("{8BC9CEB8-8B4A-11D0-8D11-00A0C91BC942}") = "UISystem.2017", "Layer2\UISystem.2017.vcxproj", "{BFC5FA51-9ACC-4611-BC5D-8054C6D6EFAC}"
EndProject
Project("{8BC9CEB8-8B4A-11D0-8D11-00A0C91BC942}") = "Test", "Test\Test.2017.vcxproj", "{D54BA21F-D042-46C6-9F8D-DF7C68813D86}"
	ProjectSection(ProjectDependencies) = postProject
		{6F67BE02-CD38-4BDB-81AB-D629D2500402} = {6F67BE02-CD38-4BDB-81AB-D629D2500402}
		{3AFD9611-B882-45CD-92A2-159321DF0861} = {3AFD9611-B882-45CD-92A2-159321DF0861}
		{BFC5FA51-9ACC-4611-BC5D-8054C6D6EFAC} = {BFC5FA51-9ACC-4611-BC5D-8054C6D6EFAC}
		{1477B068-C612-4CC2-934D-DEA4A27A5A41} = {1477B068-C612-4CC2-934D-DEA4A27A5A41}
		{A5D07179-735C-4F57-9FC8-E15C75BD3159} = {A5D07179-735C-4F57-9FC8-E15C75BD3159}
		{1AC3D07C-53AB-4C61-A591-0167C6841852} = {1AC3D07C-53AB-4C61-A591-0167C6841852}
		{C99760A5-D753-49AE-9CB0-2DB2AC24F53D} = {C99760A5-D753-49AE-9CB0-2DB2AC24F53D}
		{6370D2B2-ABDA-4A54-BCCB-9FB75368E79C} = {6370D2B2-ABDA-4A54-BCCB-9FB75368E79C}
		{0EAE0DBF-8E60-4363-A680-460B5E1CD4EB} = {0EAE0DBF-8E60-4363-A680-460B5E1CD4EB}
		{F0D5FFC1-43A4-4786-8A8A-7A4935E48C4E} = {F0D5FFC1-43A4-4786-8A8A-7A4935E48C4E}
		{D5CE16D7-3CE6-4A9E-AD52-098CA86DA75B} = {D5CE16D7-3CE6-4A9E-AD52-098CA86DA75B}
		{052FD9DC-BCC1-4766-8E7F-E43E91F4B3FA} = {052FD9DC-BCC1-4766-8E7F-E43E91F4B3FA}
		{F43877F7-806A-49AF-AC38-72CFF8A43E22} = {F43877F7-806A-49AF-AC38-72CFF8A43E22}
	EndProjectSection
EndProject
Project("{8BC9CEB8-8B4A-11D0-8D11-00A0C91BC942}") = "TestServer.2017", "Test\TestServer.2017.vcxproj", "{3D63F700-5871-49FB-BEA1-AFE4DCF4331B}"
	ProjectSection(ProjectDependencies) = postProject
		{3AFD9611-B882-45CD-92A2-159321DF0861} = {3AFD9611-B882-45CD-92A2-159321DF0861}
		{1AC3D07C-53AB-4C61-A591-0167C6841852} = {1AC3D07C-53AB-4C61-A591-0167C6841852}
		{F0D5FFC1-43A4-4786-8A8A-7A4935E48C4E} = {F0D5FFC1-43A4-4786-8A8A-7A4935E48C4E}
	EndProjectSection
EndProject
Project("{8BC9CEB8-8B4A-11D0-8D11-00A0C91BC942}") = "Ungrouped.2017", "Ungrouped\Ungrouped.2017.vcxproj", "{6F67BE02-CD38-4BDB-81AB-D629D2500402}"
EndProject
Project("{8BC9CEB8-8B4A-11D0-8D11-00A0C91BC942}") = "RenderSystem_GLES3.2017", "Layer1\RenderSystem_GLES3.2017.vcxproj", "{7E3A73F1-03D5-41E2-9EE8-59F18D5D31E0}"
	ProjectSection(ProjectDependencies) = postProject
		{3E626FA0-4D45-4526-96A1-84478DA28623} = {3E626FA0-4D45-4526-96A1-84478DA28623}
	EndProjectSection
EndProject
Global
	GlobalSection(SolutionConfigurationPlatforms) = preSolution
		Debug|x64 = Debug|x64
		Debug|x86 = Debug|x86
		Release|x64 = Release|x64
		Release|x86 = Release|x86
	EndGlobalSection
	GlobalSection(ProjectConfigurationPlatforms) = postSolution
		{641B7340-AF01-4A78-B736-2A4D17CFD6C2}.Debug|x64.ActiveCfg = Debug|x64
		{641B7340-AF01-4A78-B736-2A4D17CFD6C2}.Debug|x64.Build.0 = Debug|x64
		{641B7340-AF01-4A78-B736-2A4D17CFD6C2}.Debug|x86.ActiveCfg = Debug|Win32
		{641B7340-AF01-4A78-B736-2A4D17CFD6C2}.Debug|x86.Build.0 = Debug|Win32
		{641B7340-AF01-4A78-B736-2A4D17CFD6C2}.Release|x64.ActiveCfg = Release|x64
		{641B7340-AF01-4A78-B736-2A4D17CFD6C2}.Release|x64.Build.0 = Release|x64
		{641B7340-AF01-4A78-B736-2A4D17CFD6C2}.Release|x86.ActiveCfg = Release|Win32
		{641B7340-AF01-4A78-B736-2A4D17CFD6C2}.Release|x86.Build.0 = Release|Win32
		{E1D21E02-81F4-40E6-84B6-CC98870AA6BF}.Debug|x64.ActiveCfg = Debug|x64
		{E1D21E02-81F4-40E6-84B6-CC98870AA6BF}.Debug|x64.Build.0 = Debug|x64
		{E1D21E02-81F4-40E6-84B6-CC98870AA6BF}.Debug|x86.ActiveCfg = Debug|Win32
		{E1D21E02-81F4-40E6-84B6-CC98870AA6BF}.Debug|x86.Build.0 = Debug|Win32
		{E1D21E02-81F4-40E6-84B6-CC98870AA6BF}.Release|x64.ActiveCfg = Release|x64
		{E1D21E02-81F4-40E6-84B6-CC98870AA6BF}.Release|x64.Build.0 = Release|x64
		{E1D21E02-81F4-40E6-84B6-CC98870AA6BF}.Release|x86.ActiveCfg = Release|Win32
		{E1D21E02-81F4-40E6-84B6-CC98870AA6BF}.Release|x86.Build.0 = Release|Win32
		{EE51A87B-CEDB-4263-A524-C40E8B3802EA}.Debug|x64.ActiveCfg = Debug|x64
		{EE51A87B-CEDB-4263-A524-C40E8B3802EA}.Debug|x64.Build.0 = Debug|x64
		{EE51A87B-CEDB-4263-A524-C40E8B3802EA}.Debug|x86.ActiveCfg = Debug|Win32
		{EE51A87B-CEDB-4263-A524-C40E8B3802EA}.Debug|x86.Build.0 = Debug|Win32
		{EE51A87B-CEDB-4263-A524-C40E8B3802EA}.Release|x64.ActiveCfg = Release|x64
		{EE51A87B-CEDB-4263-A524-C40E8B3802EA}.Release|x64.Build.0 = Release|x64
		{EE51A87B-CEDB-4263-A524-C40E8B3802EA}.Release|x86.ActiveCfg = Release|Win32
		{EE51A87B-CEDB-4263-A524-C40E8B3802EA}.Release|x86.Build.0 = Release|Win32
		{F0D5FFC1-43A4-4786-8A8A-7A4935E48C4E}.Debug|x64.ActiveCfg = Debug|x64
		{F0D5FFC1-43A4-4786-8A8A-7A4935E48C4E}.Debug|x64.Build.0 = Debug|x64
		{F0D5FFC1-43A4-4786-8A8A-7A4935E48C4E}.Debug|x86.ActiveCfg = Debug|Win32
		{F0D5FFC1-43A4-4786-8A8A-7A4935E48C4E}.Debug|x86.Build.0 = Debug|Win32
		{F0D5FFC1-43A4-4786-8A8A-7A4935E48C4E}.Release|x64.ActiveCfg = Release|x64
		{F0D5FFC1-43A4-4786-8A8A-7A4935E48C4E}.Release|x64.Build.0 = Release|x64
		{F0D5FFC1-43A4-4786-8A8A-7A4935E48C4E}.Release|x86.ActiveCfg = Release|Win32
		{F0D5FFC1-43A4-4786-8A8A-7A4935E48C4E}.Release|x86.Build.0 = Release|Win32
		{D5CE16D7-3CE6-4A9E-AD52-098CA86DA75B}.Debug|x64.ActiveCfg = Debug|x64
		{D5CE16D7-3CE6-4A9E-AD52-098CA86DA75B}.Debug|x64.Build.0 = Debug|x64
		{D5CE16D7-3CE6-4A9E-AD52-098CA86DA75B}.Debug|x86.ActiveCfg = Debug|Win32
		{D5CE16D7-3CE6-4A9E-AD52-098CA86DA75B}.Debug|x86.Build.0 = Debug|Win32
		{D5CE16D7-3CE6-4A9E-AD52-098CA86DA75B}.Release|x64.ActiveCfg = Release|x64
		{D5CE16D7-3CE6-4A9E-AD52-098CA86DA75B}.Release|x64.Build.0 = Release|x64
		{D5CE16D7-3CE6-4A9E-AD52-098CA86DA75B}.Release|x86.ActiveCfg = Release|Win32
		{D5CE16D7-3CE6-4A9E-AD52-098CA86DA75B}.Release|x86.Build.0 = Release|Win32
		{052FD9DC-BCC1-4766-8E7F-E43E91F4B3FA}.Debug|x64.ActiveCfg = Debug|x64
		{052FD9DC-BCC1-4766-8E7F-E43E91F4B3FA}.Debug|x64.Build.0 = Debug|x64
		{052FD9DC-BCC1-4766-8E7F-E43E91F4B3FA}.Debug|x86.ActiveCfg = Debug|Win32
		{052FD9DC-BCC1-4766-8E7F-E43E91F4B3FA}.Debug|x86.Build.0 = Debug|Win32
		{052FD9DC-BCC1-4766-8E7F-E43E91F4B3FA}.Release|x64.ActiveCfg = Release|x64
		{052FD9DC-BCC1-4766-8E7F-E43E91F4B3FA}.Release|x64.Build.0 = Release|x64
		{052FD9DC-BCC1-4766-8E7F-E43E91F4B3FA}.Release|x86.ActiveCfg = Release|Win32
		{052FD9DC-BCC1-4766-8E7F-E43E91F4B3FA}.Release|x86.Build.0 = Release|Win32
		{3AFD9611-B882-45CD-92A2-159321DF0861}.Debug|x64.ActiveCfg = Debug|x64
		{3AFD9611-B882-45CD-92A2-159321DF0861}.Debug|x64.Build.0 = Debug|x64
		{3AFD9611-B882-45CD-92A2-159321DF0861}.Debug|x86.ActiveCfg = Debug|Win32
		{3AFD9611-B882-45CD-92A2-159321DF0861}.Debug|x86.Build.0 = Debug|Win32
		{3AFD9611-B882-45CD-92A2-159321DF0861}.Release|x64.ActiveCfg = Release|x64
		{3AFD9611-B882-45CD-92A2-159321DF0861}.Release|x64.Build.0 = Release|x64
		{3AFD9611-B882-45CD-92A2-159321DF0861}.Release|x86.ActiveCfg = Release|Win32
		{3AFD9611-B882-45CD-92A2-159321DF0861}.Release|x86.Build.0 = Release|Win32
		{1AC3D07C-53AB-4C61-A591-0167C6841852}.Debug|x64.ActiveCfg = Debug|x64
		{1AC3D07C-53AB-4C61-A591-0167C6841852}.Debug|x64.Build.0 = Debug|x64
		{1AC3D07C-53AB-4C61-A591-0167C6841852}.Debug|x86.ActiveCfg = Debug|Win32
		{1AC3D07C-53AB-4C61-A591-0167C6841852}.Debug|x86.Build.0 = Debug|Win32
		{1AC3D07C-53AB-4C61-A591-0167C6841852}.Release|x64.ActiveCfg = Release|x64
		{1AC3D07C-53AB-4C61-A591-0167C6841852}.Release|x64.Build.0 = Release|x64
		{1AC3D07C-53AB-4C61-A591-0167C6841852}.Release|x86.ActiveCfg = Release|Win32
		{1AC3D07C-53AB-4C61-A591-0167C6841852}.Release|x86.Build.0 = Release|Win32
		{A5D07179-735C-4F57-9FC8-E15C75BD3159}.Debug|x64.ActiveCfg = Debug|x64
		{A5D07179-735C-4F57-9FC8-E15C75BD3159}.Debug|x64.Build.0 = Debug|x64
		{A5D07179-735C-4F57-9FC8-E15C75BD3159}.Debug|x86.ActiveCfg = Debug|Win32
		{A5D07179-735C-4F57-9FC8-E15C75BD3159}.Debug|x86.Build.0 = Debug|Win32
		{A5D07179-735C-4F57-9FC8-E15C75BD3159}.Release|x64.ActiveCfg = Release|x64
		{A5D07179-735C-4F57-9FC8-E15C75BD3159}.Release|x64.Build.0 = Release|x64
		{A5D07179-735C-4F57-9FC8-E15C75BD3159}.Release|x86.ActiveCfg = Release|Win32
		{A5D07179-735C-4F57-9FC8-E15C75BD3159}.Release|x86.Build.0 = Release|Win32
		{C99760A5-D753-49AE-9CB0-2DB2AC24F53D}.Debug|x64.ActiveCfg = Debug|x64
		{C99760A5-D753-49AE-9CB0-2DB2AC24F53D}.Debug|x64.Build.0 = Debug|x64
		{C99760A5-D753-49AE-9CB0-2DB2AC24F53D}.Debug|x86.ActiveCfg = Debug|Win32
		{C99760A5-D753-49AE-9CB0-2DB2AC24F53D}.Debug|x86.Build.0 = Debug|Win32
		{C99760A5-D753-49AE-9CB0-2DB2AC24F53D}.Release|x64.ActiveCfg = Release|x64
		{C99760A5-D753-49AE-9CB0-2DB2AC24F53D}.Release|x64.Build.0 = Release|x64
		{C99760A5-D753-49AE-9CB0-2DB2AC24F53D}.Release|x86.ActiveCfg = Release|Win32
		{C99760A5-D753-49AE-9CB0-2DB2AC24F53D}.Release|x86.Build.0 = Release|Win32
		{6370D2B2-ABDA-4A54-BCCB-9FB75368E79C}.Debug|x64.ActiveCfg = Debug|x64
		{6370D2B2-ABDA-4A54-BCCB-9FB75368E79C}.Debug|x64.Build.0 = Debug|x64
		{6370D2B2-ABDA-4A54-BCCB-9FB75368E79C}.Debug|x86.ActiveCfg = Debug|Win32
		{6370D2B2-ABDA-4A54-BCCB-9FB75368E79C}.Debug|x86.Build.0 = Debug|Win32
		{6370D2B2-ABDA-4A54-BCCB-9FB75368E79C}.Release|x64.ActiveCfg = Release|x64
		{6370D2B2-ABDA-4A54-BCCB-9FB75368E79C}.Release|x64.Build.0 = Release|x64
		{6370D2B2-ABDA-4A54-BCCB-9FB75368E79C}.Release|x86.ActiveCfg = Release|Win32
		{6370D2B2-ABDA-4A54-BCCB-9FB75368E79C}.Release|x86.Build.0 = Release|Win32
		{1477B068-C612-4CC2-934D-DEA4A27A5A41}.Debug|x64.ActiveCfg = Debug|x64
		{1477B068-C612-4CC2-934D-DEA4A27A5A41}.Debug|x64.Build.0 = Debug|x64
		{1477B068-C612-4CC2-934D-DEA4A27A5A41}.Debug|x86.ActiveCfg = Debug|Win32
		{1477B068-C612-4CC2-934D-DEA4A27A5A41}.Debug|x86.Build.0 = Debug|Win32
		{1477B068-C612-4CC2-934D-DEA4A27A5A41}.Release|x64.ActiveCfg = Release|x64
		{1477B068-C612-4CC2-934D-DEA4A27A5A41}.Release|x64.Build.0 = Release|x64
		{1477B068-C612-4CC2-934D-DEA4A27A5A41}.Release|x86.ActiveCfg = Release|Win32
		{1477B068-C612-4CC2-934D-DEA4A27A5A41}.Release|x86.Build.0 = Release|Win32
		{FA3765A8-A738-4B63-B4D1-7BC74FBF2441}.Debug|x64.ActiveCfg = Debug|x64
		{FA3765A8-A738-4B63-B4D1-7BC74FBF2441}.Debug|x64.Build.0 = Debug|x64
		{FA3765A8-A738-4B63-B4D1-7BC74FBF2441}.Debug|x86.ActiveCfg = Debug|Win32
		{FA3765A8-A738-4B63-B4D1-7BC74FBF2441}.Debug|x86.Build.0 = Debug|Win32
		{FA3765A8-A738-4B63-B4D1-7BC74FBF2441}.Release|x64.ActiveCfg = Release|x64
		{FA3765A8-A738-4B63-B4D1-7BC74FBF2441}.Release|x64.Build.0 = Release|x64
		{FA3765A8-A738-4B63-B4D1-7BC74FBF2441}.Release|x86.ActiveCfg = Release|Win32
		{FA3765A8-A738-4B63-B4D1-7BC74FBF2441}.Release|x86.Build.0 = Release|Win32
		{3E626FA0-4D45-4526-96A1-84478DA28623}.Debug|x64.ActiveCfg = Debug|x64
		{3E626FA0-4D45-4526-96A1-84478DA28623}.Debug|x64.Build.0 = Debug|x64
		{3E626FA0-4D45-4526-96A1-84478DA28623}.Debug|x86.ActiveCfg = Debug|Win32
		{3E626FA0-4D45-4526-96A1-84478DA28623}.Debug|x86.Build.0 = Debug|Win32
		{3E626FA0-4D45-4526-96A1-84478DA28623}.Release|x64.ActiveCfg = Release|x64
		{3E626FA0-4D45-4526-96A1-84478DA28623}.Release|x64.Build.0 = Release|x64
		{3E626FA0-4D45-4526-96A1-84478DA28623}.Release|x86.ActiveCfg = Release|Win32
		{3E626FA0-4D45-4526-96A1-84478DA28623}.Release|x86.Build.0 = Release|Win32
		{F6ACEF2B-3735-490A-8C34-13DC3C4CC22F}.Debug|x64.ActiveCfg = Debug|x64
		{F6ACEF2B-3735-490A-8C34-13DC3C4CC22F}.Debug|x64.Build.0 = Debug|x64
		{F6ACEF2B-3735-490A-8C34-13DC3C4CC22F}.Debug|x86.ActiveCfg = Debug|Win32
		{F6ACEF2B-3735-490A-8C34-13DC3C4CC22F}.Debug|x86.Build.0 = Debug|Win32
		{F6ACEF2B-3735-490A-8C34-13DC3C4CC22F}.Release|x64.ActiveCfg = Release|x64
		{F6ACEF2B-3735-490A-8C34-13DC3C4CC22F}.Release|x64.Build.0 = Release|x64
		{F6ACEF2B-3735-490A-8C34-13DC3C4CC22F}.Release|x86.ActiveCfg = Release|Win32
		{F6ACEF2B-3735-490A-8C34-13DC3C4CC22F}.Release|x86.Build.0 = Release|Win32
		{EE3F11A4-4D0D-4EC2-BF1C-B8531CCEE7CD}.Debug|x64.ActiveCfg = Debug|x64
		{EE3F11A4-4D0D-4EC2-BF1C-B8531CCEE7CD}.Debug|x64.Build.0 = Debug|x64
		{EE3F11A4-4D0D-4EC2-BF1C-B8531CCEE7CD}.Debug|x86.ActiveCfg = Debug|Win32
		{EE3F11A4-4D0D-4EC2-BF1C-B8531CCEE7CD}.Debug|x86.Build.0 = Debug|Win32
		{EE3F11A4-4D0D-4EC2-BF1C-B8531CCEE7CD}.Release|x64.ActiveCfg = Release|x64
		{EE3F11A4-4D0D-4EC2-BF1C-B8531CCEE7CD}.Release|x64.Build.0 = Release|x64
		{EE3F11A4-4D0D-4EC2-BF1C-B8531CCEE7CD}.Release|x86.ActiveCfg = Release|Win32
		{EE3F11A4-4D0D-4EC2-BF1C-B8531CCEE7CD}.Release|x86.Build.0 = Release|Win32
		{08F7DA53-64B7-4209-B37C-D05B78CC71EB}.Debug|x64.ActiveCfg = Debug|x64
		{08F7DA53-64B7-4209-B37C-D05B78CC71EB}.Debug|x64.Build.0 = Debug|x64
		{08F7DA53-64B7-4209-B37C-D05B78CC71EB}.Debug|x86.ActiveCfg = Debug|Win32
		{08F7DA53-64B7-4209-B37C-D05B78CC71EB}.Debug|x86.Build.0 = Debug|Win32
		{08F7DA53-64B7-4209-B37C-D05B78CC71EB}.Release|x64.ActiveCfg = Release|x64
		{08F7DA53-64B7-4209-B37C-D05B78CC71EB}.Release|x64.Build.0 = Release|x64
		{08F7DA53-64B7-4209-B37C-D05B78CC71EB}.Release|x86.ActiveCfg = Release|Win32
		{08F7DA53-64B7-4209-B37C-D05B78CC71EB}.Release|x86.Build.0 = Release|Win32
		{4BE848DE-24A2-4707-9E9E-3E52A5888917}.Debug|x64.ActiveCfg = Debug|x64
		{4BE848DE-24A2-4707-9E9E-3E52A5888917}.Debug|x64.Build.0 = Debug|x64
		{4BE848DE-24A2-4707-9E9E-3E52A5888917}.Debug|x86.ActiveCfg = Debug|Win32
		{4BE848DE-24A2-4707-9E9E-3E52A5888917}.Debug|x86.Build.0 = Debug|Win32
		{4BE848DE-24A2-4707-9E9E-3E52A5888917}.Release|x64.ActiveCfg = Release|x64
		{4BE848DE-24A2-4707-9E9E-3E52A5888917}.Release|x64.Build.0 = Release|x64
		{4BE848DE-24A2-4707-9E9E-3E52A5888917}.Release|x86.ActiveCfg = Release|Win32
		{4BE848DE-24A2-4707-9E9E-3E52A5888917}.Release|x86.Build.0 = Release|Win32
		{0EAE0DBF-8E60-4363-A680-460B5E1CD4EB}.Debug|x64.ActiveCfg = Debug|x64
		{0EAE0DBF-8E60-4363-A680-460B5E1CD4EB}.Debug|x64.Build.0 = Debug|x64
		{0EAE0DBF-8E60-4363-A680-460B5E1CD4EB}.Debug|x86.ActiveCfg = Debug|Win32
		{0EAE0DBF-8E60-4363-A680-460B5E1CD4EB}.Debug|x86.Build.0 = Debug|Win32
		{0EAE0DBF-8E60-4363-A680-460B5E1CD4EB}.Release|x64.ActiveCfg = Release|x64
		{0EAE0DBF-8E60-4363-A680-460B5E1CD4EB}.Release|x64.Build.0 = Release|x64
		{0EAE0DBF-8E60-4363-A680-460B5E1CD4EB}.Release|x86.ActiveCfg = Release|Win32
		{0EAE0DBF-8E60-4363-A680-460B5E1CD4EB}.Release|x86.Build.0 = Release|Win32
		{F43877F7-806A-49AF-AC38-72CFF8A43E22}.Debug|x64.ActiveCfg = Debug|x64
		{F43877F7-806A-49AF-AC38-72CFF8A43E22}.Debug|x64.Build.0 = Debug|x64
		{F43877F7-806A-49AF-AC38-72CFF8A43E22}.Debug|x86.ActiveCfg = Debug|Win32
		{F43877F7-806A-49AF-AC38-72CFF8A43E22}.Debug|x86.Build.0 = Debug|Win32
		{F43877F7-806A-49AF-AC38-72CFF8A43E22}.Release|x64.ActiveCfg = Release|x64
		{F43877F7-806A-49AF-AC38-72CFF8A43E22}.Release|x64.Build.0 = Release|x64
		{F43877F7-806A-49AF-AC38-72CFF8A43E22}.Release|x86.ActiveCfg = Release|Win32
		{F43877F7-806A-49AF-AC38-72CFF8A43E22}.Release|x86.Build.0 = Release|Win32
		{BFC5FA51-9ACC-4611-BC5D-8054C6D6EFAC}.Debug|x64.ActiveCfg = Debug|x64
		{BFC5FA51-9ACC-4611-BC5D-8054C6D6EFAC}.Debug|x64.Build.0 = Debug|x64
		{BFC5FA51-9ACC-4611-BC5D-8054C6D6EFAC}.Debug|x86.ActiveCfg = Debug|Win32
		{BFC5FA51-9ACC-4611-BC5D-8054C6D6EFAC}.Debug|x86.Build.0 = Debug|Win32
		{BFC5FA51-9ACC-4611-BC5D-8054C6D6EFAC}.Release|x64.ActiveCfg = Release|x64
		{BFC5FA51-9ACC-4611-BC5D-8054C6D6EFAC}.Release|x64.Build.0 = Release|x64
		{BFC5FA51-9ACC-4611-BC5D-8054C6D6EFAC}.Release|x86.ActiveCfg = Release|Win32
		{BFC5FA51-9ACC-4611-BC5D-8054C6D6EFAC}.Release|x86.Build.0 = Release|Win32
		{D54BA21F-D042-46C6-9F8D-DF7C68813D86}.Debug|x64.ActiveCfg = Debug|x64
		{D54BA21F-D042-46C6-9F8D-DF7C68813D86}.Debug|x64.Build.0 = Debug|x64
		{D54BA21F-D042-46C6-9F8D-DF7C68813D86}.Debug|x86.ActiveCfg = Debug|Win32
		{D54BA21F-D042-46C6-9F8D-DF7C68813D86}.Debug|x86.Build.0 = Debug|Win32
		{D54BA21F-D042-46C6-9F8D-DF7C68813D86}.Release|x64.ActiveCfg = Release|x64
		{D54BA21F-D042-46C6-9F8D-DF7C68813D86}.Release|x64.Build.0 = Release|x64
		{D54BA21F-D042-46C6-9F8D-DF7C68813D86}.Release|x86.ActiveCfg = Release|Win32
		{D54BA21F-D042-46C6-9F8D-DF7C68813D86}.Release|x86.Build.0 = Release|Win32
		{3D63F700-5871-49FB-BEA1-AFE4DCF4331B}.Debug|x64.ActiveCfg = Debug|x64
		{3D63F700-5871-49FB-BEA1-AFE4DCF4331B}.Debug|x64.Build.0 = Debug|x64
		{3D63F700-5871-49FB-BEA1-AFE4DCF4331B}.Debug|x86.ActiveCfg = Debug|Win32
		{3D63F700-5871-49FB-BEA1-AFE4DCF4331B}.Debug|x86.Build.0 = Debug|Win32
		{3D63F700-5871-49FB-BEA1-AFE4DCF4331B}.Release|x64.ActiveCfg = Release|x64
		{3D63F700-5871-49FB-BEA1-AFE4DCF4331B}.Release|x64.Build.0 = Release|x64
		{3D63F700-5871-49FB-BEA1-AFE4DCF4331B}.Release|x86.ActiveCfg = Release|Win32
		{3D63F700-5871-49FB-BEA1-AFE4DCF4331B}.Release|x86.Build.0 = Release|Win32
		{6F67BE02-CD38-4BDB-81AB-D629D2500402}.Debug|x64.ActiveCfg = Debug|x64
		{6F67BE02-CD38-4BDB-81AB-D629D2500402}.Debug|x64.Build.0 = Debug|x64
		{6F67BE02-CD38-4BDB-81AB-D629D2500402}.Debug|x86.ActiveCfg = Debug|Win32
		{6F67BE02-CD38-4BDB-81AB-D629D2500402}.Debug|x86.Build.0 = Debug|Win32
		{6F67BE02-CD38-4BDB-81AB-D629D2500402}.Release|x64.ActiveCfg = Release|x64
		{6F67BE02-CD38-4BDB-81AB-D629D2500402}.Release|x64.Build.0 = Release|x64
		{6F67BE02-CD38-4BDB-81AB-D629D2500402}.Release|x86.ActiveCfg = Release|Win32
		{6F67BE02-CD38-4BDB-81AB-D629D2500402}.Release|x86.Build.0 = Release|Win32
		{7E3A73F1-03D5-41E2-9EE8-59F18D5D31E0}.Debug|x64.ActiveCfg = Debug|x64
		{7E3A73F1-03D5-41E2-9EE8-59F18D5D31E0}.Debug|x64.Build.0 = Debug|x64
		{7E3A73F1-03D5-41E2-9EE8-59F18D5D31E0}.Debug|x86.ActiveCfg = Debug|Win32
		{7E3A73F1-03D5-41E2-9EE8-59F18D5D31E0}.Debug|x86.Build.0 = Debug|Win32
		{7E3A73F1-03D5-41E2-9EE8-59F18D5D31E0}.Release|x64.ActiveCfg = Release|x64
		{7E3A73F1-03D5-41E2-9EE8-59F18D5D31E0}.Release|x64.Build.0 = Release|x64
		{7E3A73F1-03D5-41E2-9EE8-59F18D5D31E0}.Release|x86.ActiveCfg = Release|Win32
		{7E3A73F1-03D5-41E2-9EE8-59F18D5D31E0}.Release|x86.Build.0 = Release|Win32
	EndGlobalSection
	GlobalSection(SolutionProperties) = preSolution
		HideSolutionNode = FALSE
	EndGlobalSection
	GlobalSection(NestedProjects) = preSolution
		{641B7340-AF01-4A78-B736-2A4D17CFD6C2} = {E1B8AC70-0880-428F-A69B-0BBD91F13A50}
		{E1D21E02-81F4-40E6-84B6-CC98870AA6BF} = {023BFBB4-8272-4044-A31A-D2C42EC113FC}
		{EE51A87B-CEDB-4263-A524-C40E8B3802EA} = {023BFBB4-8272-4044-A31A-D2C42EC113FC}
		{F0D5FFC1-43A4-4786-8A8A-7A4935E48C4E} = {BA8FB757-1489-4A1D-8F3E-3008B0E9BC17}
		{D5CE16D7-3CE6-4A9E-AD52-098CA86DA75B} = {62445BEE-5766-42BF-9AB4-4307474B5D75}
		{052FD9DC-BCC1-4766-8E7F-E43E91F4B3FA} = {62445BEE-5766-42BF-9AB4-4307474B5D75}
		{3AFD9611-B882-45CD-92A2-159321DF0861} = {62445BEE-5766-42BF-9AB4-4307474B5D75}
		{1AC3D07C-53AB-4C61-A591-0167C6841852} = {62445BEE-5766-42BF-9AB4-4307474B5D75}
		{A5D07179-735C-4F57-9FC8-E15C75BD3159} = {62445BEE-5766-42BF-9AB4-4307474B5D75}
		{C99760A5-D753-49AE-9CB0-2DB2AC24F53D} = {62445BEE-5766-42BF-9AB4-4307474B5D75}
		{6370D2B2-ABDA-4A54-BCCB-9FB75368E79C} = {62445BEE-5766-42BF-9AB4-4307474B5D75}
		{1477B068-C612-4CC2-934D-DEA4A27A5A41} = {62445BEE-5766-42BF-9AB4-4307474B5D75}
		{FA3765A8-A738-4B63-B4D1-7BC74FBF2441} = {62445BEE-5766-42BF-9AB4-4307474B5D75}
		{3E626FA0-4D45-4526-96A1-84478DA28623} = {62445BEE-5766-42BF-9AB4-4307474B5D75}
		{F6ACEF2B-3735-490A-8C34-13DC3C4CC22F} = {1CFAFD2E-0DAA-4421-8054-33F66811C676}
		{EE3F11A4-4D0D-4EC2-BF1C-B8531CCEE7CD} = {1CFAFD2E-0DAA-4421-8054-33F66811C676}
		{08F7DA53-64B7-4209-B37C-D05B78CC71EB} = {1CFAFD2E-0DAA-4421-8054-33F66811C676}
		{4BE848DE-24A2-4707-9E9E-3E52A5888917} = {1CFAFD2E-0DAA-4421-8054-33F66811C676}
		{0EAE0DBF-8E60-4363-A680-460B5E1CD4EB} = {1CFAFD2E-0DAA-4421-8054-33F66811C676}
		{F43877F7-806A-49AF-AC38-72CFF8A43E22} = {1CFAFD2E-0DAA-4421-8054-33F66811C676}
		{BFC5FA51-9ACC-4611-BC5D-8054C6D6EFAC} = {1CFAFD2E-0DAA-4421-8054-33F66811C676}
		{D54BA21F-D042-46C6-9F8D-DF7C68813D86} = {4A658D4F-ABD9-4E66-B849-349C93179C39}
		{3D63F700-5871-49FB-BEA1-AFE4DCF4331B} = {4A658D4F-ABD9-4E66-B849-349C93179C39}
		{6F67BE02-CD38-4BDB-81AB-D629D2500402} = {4DA610B1-0E58-4355-BE3A-3E5988CF2B11}
		{7E3A73F1-03D5-41E2-9EE8-59F18D5D31E0} = {62445BEE-5766-42BF-9AB4-4307474B5D75}
	EndGlobalSection
EndGlobal
