<?xml version="1.0" encoding="utf-8"?>
<Project ToolsVersion="4.0" xmlns="http://schemas.microsoft.com/developer/msbuild/2003">
  <ItemGroup>
    <Filter Include="Source Files">
      <UniqueIdentifier>{4FC737F1-C7A5-4376-A066-2A32D752A2FF}</UniqueIdentifier>
      <Extensions>cpp;c;cc;cxx;def;odl;idl;hpj;bat;asm;asmx</Extensions>
    </Filter>
    <Filter Include="Header Files">
      <UniqueIdentifier>{93995380-89BD-4b04-88EB-625FBE52EBFB}</UniqueIdentifier>
      <Extensions>h;hh;hpp;hxx;hm;inl;inc;xsd</Extensions>
    </Filter>
    <Filter Include="Resource Files">
      <UniqueIdentifier>{67DA6AB6-F800-4c08-8B7A-83BB121AAD01}</UniqueIdentifier>
      <Extensions>rc;ico;cur;bmp;dlg;rc2;rct;bin;rgs;gif;jpg;jpeg;jpe;resx;tiff;tif;png;wav;mfcribbon-ms</Extensions>
    </Filter>
    <Filter Include="Interface Files">
      <UniqueIdentifier>{da79351b-554e-4aa7-ae05-771c00ad6512}</UniqueIdentifier>
    </Filter>
  </ItemGroup>
  <ItemGroup>
    <ClInclude Include="..\..\..\Code\Layer2\Include\CubeBlockWorld\SceneLoader.h">
      <Filter>Header Files</Filter>
    </ClInclude>
    <ClInclude Include="..\..\..\Code\Layer2\Include\CubeBlockWorld\SceneManager.h">
      <Filter>Header Files</Filter>
    </ClInclude>
    <ClInclude Include="..\..\..\Code\Layer2\Include\CubeBlockWorld\World.h">
      <Filter>Header Files</Filter>
    </ClInclude>
    <ClInclude Include="..\..\..\Code\Layer2\Interface\CubeBlockWorld\ICubeBlockWorld.h">
      <Filter>Interface Files</Filter>
    </ClInclude>
    <ClInclude Include="..\..\..\Code\Layer2\Interface\CubeBlockWorld\ICubeBlockWorldInterface.h">
      <Filter>Interface Files</Filter>
    </ClInclude>
    <ClInclude Include="..\..\..\Code\Layer2\Interface\CubeBlockWorld\ICubeBlockWorldSceneLoader.h">
      <Filter>Interface Files</Filter>
    </ClInclude>
    <ClInclude Include="..\..\..\Code\Layer2\Interface\CubeBlockWorld\ICubeBlockWorldSceneManager.h">
      <Filter>Interface Files</Filter>
    </ClInclude>
    <ClInclude Include="..\..\..\Code\Layer2\Interface\CubeBlockWorld\ICubeBlockWorldTerrainGenerator.h">
      <Filter>Interface Files</Filter>
    </ClInclude>
    <ClInclude Include="..\..\..\Code\Layer2\Interface\CubeBlockWorld\ICubeBlockWorldTerrainGeneratorInstance.h">
      <Filter>Interface Files</Filter>
    </ClInclude>
    <ClInclude Include="..\..\..\Code\Layer2\Source\CubeBlockWorld\Precompiler.h">
      <Filter>Source Files</Filter>
    </ClInclude>
    <ClInclude Include="..\..\..\Code\Layer2\Include\CubeBlockWorld\Chunk.h">
      <Filter>Header Files</Filter>
    </ClInclude>
  </ItemGroup>
  <ItemGroup>
    <ClCompile Include="..\..\..\Code\Layer2\Source\CubeBlockWorld\Precompiler.cpp">
      <Filter>Source Files</Filter>
    </ClCompile>
    <ClCompile Include="..\..\..\Code\Layer2\Source\CubeBlockWorld\SceneLoader.cpp">
      <Filter>Source Files</Filter>
    </ClCompile>
    <ClCompile Include="..\..\..\Code\Layer2\Source\CubeBlockWorld\SceneManager.cpp">
      <Filter>Source Files</Filter>
    </ClCompile>
    <ClCompile Include="..\..\..\Code\Layer2\Source\CubeBlockWorld\World.cpp">
      <Filter>Source Files</Filter>
    </ClCompile>
    <ClCompile Include="..\..\..\Code\Layer2\Source\CubeBlockWorld\Chunk.cpp">
      <Filter>Source Files</Filter>
    </ClCompile>
  </ItemGroup>
</Project>