<?xml version="1.0" encoding="utf-8"?>
<Project ToolsVersion="4.0" xmlns="http://schemas.microsoft.com/developer/msbuild/2003">
  <ItemGroup>
    <Filter Include="Source Files">
      <UniqueIdentifier>{4FC737F1-C7A5-4376-A066-2A32D752A2FF}</UniqueIdentifier>
      <Extensions>cpp;c;cc;cxx;def;odl;idl;hpj;bat;asm;asmx</Extensions>
    </Filter>
    <Filter Include="Header Files">
      <UniqueIdentifier>{93995380-89BD-4b04-88EB-625FBE52EBFB}</UniqueIdentifier>
      <Extensions>h;hh;hpp;hxx;hm;inl;inc;xsd</Extensions>
    </Filter>
    <Filter Include="Resource Files">
      <UniqueIdentifier>{67DA6AB6-F800-4c08-8B7A-83BB121AAD01}</UniqueIdentifier>
      <Extensions>rc;ico;cur;bmp;dlg;rc2;rct;bin;rgs;gif;jpg;jpeg;jpe;resx;tiff;tif;png;wav;mfcribbon-ms</Extensions>
    </Filter>
    <Filter Include="Interface Files">
      <UniqueIdentifier>{7f54b1d2-f8ea-401b-866a-015a462f3054}</UniqueIdentifier>
    </Filter>
  </ItemGroup>
  <ItemGroup>
    <ClInclude Include="..\..\..\Code\Layer2\Include\CubeBlockSystem\Area.h">
      <Filter>Header Files</Filter>
    </ClInclude>
    <ClInclude Include="..\..\..\Code\Layer2\Include\CubeBlockSystem\IBlockFaceImp.h">
      <Filter>Header Files</Filter>
    </ClInclude>
    <ClInclude Include="..\..\..\Code\Layer2\Include\CubeBlockSystem\IBlockImp.h">
      <Filter>Header Files</Filter>
    </ClInclude>
    <ClInclude Include="..\..\..\Code\Layer2\Include\CubeBlockSystem\IRenderMaterialImp.h">
      <Filter>Header Files</Filter>
    </ClInclude>
    <ClInclude Include="..\..\..\Code\Layer2\Include\CubeBlockSystem\ISceneImp.h">
      <Filter>Header Files</Filter>
    </ClInclude>
    <ClInclude Include="..\..\..\Code\Layer2\Include\CubeBlockSystem\ISystemImp.h">
      <Filter>Header Files</Filter>
    </ClInclude>
    <ClInclude Include="..\..\..\Code\Layer2\Interface\CubeBlockSystem\ICubeBlock.h">
      <Filter>Interface Files</Filter>
    </ClInclude>
    <ClInclude Include="..\..\..\Code\Layer2\Interface\CubeBlockSystem\ICubeBlockEnum.h">
      <Filter>Interface Files</Filter>
    </ClInclude>
    <ClInclude Include="..\..\..\Code\Layer2\Interface\CubeBlockSystem\ICubeBlockFace.h">
      <Filter>Interface Files</Filter>
    </ClInclude>
    <ClInclude Include="..\..\..\Code\Layer2\Interface\CubeBlockSystem\ICubeBlockRenderMaterial.h">
      <Filter>Interface Files</Filter>
    </ClInclude>
    <ClInclude Include="..\..\..\Code\Layer2\Interface\CubeBlockSystem\ICubeBlockScene.h">
      <Filter>Interface Files</Filter>
    </ClInclude>
    <ClInclude Include="..\..\..\Code\Layer2\Interface\CubeBlockSystem\ICubeBlockSystem.h">
      <Filter>Interface Files</Filter>
    </ClInclude>
    <ClInclude Include="..\..\..\Code\Layer2\Interface\CubeBlockSystem\ICubeBlockSystemInterface.h">
      <Filter>Interface Files</Filter>
    </ClInclude>
    <ClInclude Include="..\..\..\Code\Layer2\Source\CubeBlockSystem\Precompiler.h">
      <Filter>Source Files</Filter>
    </ClInclude>
  </ItemGroup>
  <ItemGroup>
    <ClCompile Include="..\..\..\Code\Layer2\Source\CubeBlockSystem\Area.cpp">
      <Filter>Source Files</Filter>
    </ClCompile>
    <ClCompile Include="..\..\..\Code\Layer2\Source\CubeBlockSystem\IBlockFaceImp.cpp">
      <Filter>Source Files</Filter>
    </ClCompile>
    <ClCompile Include="..\..\..\Code\Layer2\Source\CubeBlockSystem\IBlockImp.cpp">
      <Filter>Source Files</Filter>
    </ClCompile>
    <ClCompile Include="..\..\..\Code\Layer2\Source\CubeBlockSystem\IRenderMaterialImp.cpp">
      <Filter>Source Files</Filter>
    </ClCompile>
    <ClCompile Include="..\..\..\Code\Layer2\Source\CubeBlockSystem\ISceneImp.cpp">
      <Filter>Source Files</Filter>
    </ClCompile>
    <ClCompile Include="..\..\..\Code\Layer2\Source\CubeBlockSystem\ISystemImp.cpp">
      <Filter>Source Files</Filter>
    </ClCompile>
    <ClCompile Include="..\..\..\Code\Layer2\Source\CubeBlockSystem\Precompiler.cpp">
      <Filter>Source Files</Filter>
    </ClCompile>
  </ItemGroup>
</Project>