<?xml version="1.0" encoding="utf-8"?>
<Project ToolsVersion="4.0" xmlns="http://schemas.microsoft.com/developer/msbuild/2003">
  <ItemGroup>
    <Filter Include="源文件">
      <UniqueIdentifier>{4FC737F1-C7A5-4376-A066-2A32D752A2FF}</UniqueIdentifier>
      <Extensions>cpp;c;cc;cxx;def;odl;idl;hpj;bat;asm;asmx</Extensions>
    </Filter>
    <Filter Include="头文件">
      <UniqueIdentifier>{93995380-89BD-4b04-88EB-625FBE52EBFB}</UniqueIdentifier>
      <Extensions>h;hh;hpp;hxx;hm;inl;inc;xsd</Extensions>
    </Filter>
    <Filter Include="资源文件">
      <UniqueIdentifier>{67DA6AB6-F800-4c08-8B7A-83BB121AAD01}</UniqueIdentifier>
      <Extensions>rc;ico;cur;bmp;dlg;rc2;rct;bin;rgs;gif;jpg;jpeg;jpe;resx;tiff;tif;png;wav;mfcribbon-ms</Extensions>
    </Filter>
    <Filter Include="Interface Files">
      <UniqueIdentifier>{9d103491-f643-4dac-8ba1-c3644ef07b72}</UniqueIdentifier>
    </Filter>
  </ItemGroup>
  <ItemGroup>
    <ClInclude Include="..\..\..\Code\Layer2\Interface\GUISystem\IGUISystemInterface.h">
      <Filter>Interface Files</Filter>
    </ClInclude>
    <ClInclude Include="..\..\..\Code\Layer2\Source\GUISystem\Precompiler.h">
      <Filter>源文件</Filter>
    </ClInclude>
    <ClInclude Include="..\..\..\Code\Layer2\Interface\GUISystem\IGUIControl.h">
      <Filter>Interface Files</Filter>
    </ClInclude>
    <ClInclude Include="..\..\..\Code\Layer2\Interface\GUISystem\IGUISystem.h">
      <Filter>Interface Files</Filter>
    </ClInclude>
    <ClInclude Include="..\..\..\Code\Layer2\Interface\GUISystem\IGUIScene.h">
      <Filter>Interface Files</Filter>
    </ClInclude>
    <ClInclude Include="..\..\..\Code\Layer2\Interface\GUISystem\IGUIStaticText.h">
      <Filter>Interface Files</Filter>
    </ClInclude>
    <ClInclude Include="..\..\..\Code\Layer2\Interface\GUISystem\IGUIButton.h">
      <Filter>Interface Files</Filter>
    </ClInclude>
    <ClInclude Include="..\..\..\Code\Layer2\Interface\GUISystem\IGUIWindow.h">
      <Filter>Interface Files</Filter>
    </ClInclude>
    <ClInclude Include="..\..\..\Code\Layer2\Include\GUISystem\IControlImp.h">
      <Filter>头文件</Filter>
    </ClInclude>
    <ClInclude Include="..\..\..\Code\Layer2\Include\GUISystem\IWindowImp.h">
      <Filter>头文件</Filter>
    </ClInclude>
    <ClInclude Include="..\..\..\Code\Layer2\Include\GUISystem\ISceneImp.h">
      <Filter>头文件</Filter>
    </ClInclude>
    <ClInclude Include="..\..\..\Code\Layer2\Include\GUISystem\ISystemImp.h">
      <Filter>头文件</Filter>
    </ClInclude>
    <ClInclude Include="..\..\..\Code\Layer2\Include\GUISystem\IStaticTextImp.h">
      <Filter>头文件</Filter>
    </ClInclude>
    <ClInclude Include="..\..\..\Code\Layer2\Include\GUISystem\IButtonImp.h">
      <Filter>头文件</Filter>
    </ClInclude>
    <ClInclude Include="..\..\..\Code\Layer2\Include\GUISystem\Control.h">
      <Filter>头文件</Filter>
    </ClInclude>
    <ClInclude Include="..\..\..\Code\Layer2\Include\GUISystem\StaticText.h">
      <Filter>头文件</Filter>
    </ClInclude>
    <ClInclude Include="..\..\..\Code\Layer2\Include\GUISystem\Button.h">
      <Filter>头文件</Filter>
    </ClInclude>
    <ClInclude Include="..\..\..\Code\Layer2\Interface\GUISystem\IGUIImageBox.h">
      <Filter>Interface Files</Filter>
    </ClInclude>
    <ClInclude Include="..\..\..\Code\Layer2\Interface\GUISystem\IGUIEditBox.h">
      <Filter>Interface Files</Filter>
    </ClInclude>
    <ClInclude Include="..\..\..\Code\Layer2\Include\GUISystem\EditBox.h">
      <Filter>头文件</Filter>
    </ClInclude>
    <ClInclude Include="..\..\..\Code\Layer2\Include\GUISystem\IEditBoxImp.h">
      <Filter>头文件</Filter>
    </ClInclude>
    <ClInclude Include="..\..\..\Code\Layer2\Include\GUISystem\ImageBox.h">
      <Filter>头文件</Filter>
    </ClInclude>
    <ClInclude Include="..\..\..\Code\Layer2\Include\GUISystem\IImageBoxImp.h">
      <Filter>头文件</Filter>
    </ClInclude>
    <ClInclude Include="..\..\..\Code\Layer2\Include\GUISystem\Caret.h">
      <Filter>头文件</Filter>
    </ClInclude>
    <ClInclude Include="..\..\..\Code\Layer2\Interface\GUISystem\IGUIEnum.h">
      <Filter>Interface Files</Filter>
    </ClInclude>
    <ClInclude Include="..\..\..\Code\Layer2\Interface\GUISystem\IGUIPageBar.h">
      <Filter>Interface Files</Filter>
    </ClInclude>
    <ClInclude Include="..\..\..\Code\Layer2\Include\GUISystem\IPageBarImp.h">
      <Filter>头文件</Filter>
    </ClInclude>
    <ClInclude Include="..\..\..\Code\Layer2\Include\GUISystem\PageBarItem.h">
      <Filter>头文件</Filter>
    </ClInclude>
    <ClInclude Include="..\..\..\Code\Layer2\Include\GUISystem\PageBar.h">
      <Filter>头文件</Filter>
    </ClInclude>
    <ClInclude Include="..\..\..\Code\Layer2\Include\GUISystem\Event.h">
      <Filter>头文件</Filter>
    </ClInclude>
    <ClInclude Include="..\..\..\Code\Layer2\Interface\GUISystem\IGUITextProperty.h">
      <Filter>Interface Files</Filter>
    </ClInclude>
    <ClInclude Include="..\..\..\Code\Layer2\Include\GUISystem\ITextPropertyImp.h">
      <Filter>头文件</Filter>
    </ClInclude>
    <ClInclude Include="..\..\..\Code\Layer2\Include\GUISystem\TextProperty.h">
      <Filter>头文件</Filter>
    </ClInclude>
    <ClInclude Include="..\..\..\Code\Layer2\Include\GUISystem\GraphicWindowTextureUtility.h">
      <Filter>头文件</Filter>
    </ClInclude>
    <ClInclude Include="..\..\..\Code\Layer2\Interface\GUISystem\IGUIComboBox.h">
      <Filter>Interface Files</Filter>
    </ClInclude>
    <ClInclude Include="..\..\..\Code\Layer2\Interface\GUISystem\IGUIListBox.h">
      <Filter>Interface Files</Filter>
    </ClInclude>
    <ClInclude Include="..\..\..\Code\Layer2\Include\GUISystem\IComboBoxImp.h">
      <Filter>头文件</Filter>
    </ClInclude>
    <ClInclude Include="..\..\..\Code\Layer2\Include\GUISystem\ComboBox.h">
      <Filter>头文件</Filter>
    </ClInclude>
    <ClInclude Include="..\..\..\Code\Layer2\Include\GUISystem\CommonControl.h">
      <Filter>头文件</Filter>
    </ClInclude>
    <ClInclude Include="..\..\..\Code\Layer2\Include\GUISystem\List.h">
      <Filter>头文件</Filter>
    </ClInclude>
    <ClInclude Include="..\..\..\Code\Layer2\Include\GUISystem\IListBoxImp.h">
      <Filter>头文件</Filter>
    </ClInclude>
    <ClInclude Include="..\..\..\Code\Layer2\Include\GUISystem\ListBox.h">
      <Filter>头文件</Filter>
    </ClInclude>
  </ItemGroup>
  <ItemGroup>
    <ClCompile Include="..\..\..\Code\Layer2\Source\GUISystem\Precompiler.cpp">
      <Filter>源文件</Filter>
    </ClCompile>
    <ClCompile Include="..\..\..\Code\Layer2\Source\GUISystem\IControlImp.cpp">
      <Filter>源文件</Filter>
    </ClCompile>
    <ClCompile Include="..\..\..\Code\Layer2\Source\GUISystem\IWindowImp.cpp">
      <Filter>源文件</Filter>
    </ClCompile>
    <ClCompile Include="..\..\..\Code\Layer2\Source\GUISystem\ISceneImp.cpp">
      <Filter>源文件</Filter>
    </ClCompile>
    <ClCompile Include="..\..\..\Code\Layer2\Source\GUISystem\ISystemImp.cpp">
      <Filter>源文件</Filter>
    </ClCompile>
    <ClCompile Include="..\..\..\Code\Layer2\Source\GUISystem\IStaticTextImp.cpp">
      <Filter>源文件</Filter>
    </ClCompile>
    <ClCompile Include="..\..\..\Code\Layer2\Source\GUISystem\IButtonImp.cpp">
      <Filter>源文件</Filter>
    </ClCompile>
    <ClCompile Include="..\..\..\Code\Layer2\Source\GUISystem\Control.cpp">
      <Filter>源文件</Filter>
    </ClCompile>
    <ClCompile Include="..\..\..\Code\Layer2\Source\GUISystem\StaticText.cpp">
      <Filter>源文件</Filter>
    </ClCompile>
    <ClCompile Include="..\..\..\Code\Layer2\Source\GUISystem\Button.cpp">
      <Filter>源文件</Filter>
    </ClCompile>
    <ClCompile Include="..\..\..\Code\Layer2\Source\GUISystem\EditBox.cpp">
      <Filter>源文件</Filter>
    </ClCompile>
    <ClCompile Include="..\..\..\Code\Layer2\Source\GUISystem\ImageBox.cpp">
      <Filter>源文件</Filter>
    </ClCompile>
    <ClCompile Include="..\..\..\Code\Layer2\Source\GUISystem\IEditBoxImp.cpp">
      <Filter>源文件</Filter>
    </ClCompile>
    <ClCompile Include="..\..\..\Code\Layer2\Source\GUISystem\IImageBoxImp.cpp">
      <Filter>源文件</Filter>
    </ClCompile>
    <ClCompile Include="..\..\..\Code\Layer2\Source\GUISystem\Caret.cpp">
      <Filter>源文件</Filter>
    </ClCompile>
    <ClCompile Include="..\..\..\Code\Layer2\Source\GUISystem\IPageBarImp.cpp">
      <Filter>源文件</Filter>
    </ClCompile>
    <ClCompile Include="..\..\..\Code\Layer2\Source\GUISystem\PageBarItem.cpp">
      <Filter>源文件</Filter>
    </ClCompile>
    <ClCompile Include="..\..\..\Code\Layer2\Source\GUISystem\PageBar.cpp">
      <Filter>源文件</Filter>
    </ClCompile>
    <ClCompile Include="..\..\..\Code\Layer2\Source\GUISystem\ITextPropertyImp.cpp">
      <Filter>源文件</Filter>
    </ClCompile>
    <ClCompile Include="..\..\..\Code\Layer2\Source\GUISystem\TextProperty.cpp">
      <Filter>源文件</Filter>
    </ClCompile>
    <ClCompile Include="..\..\..\Code\Layer2\Source\GUISystem\GraphicWindowTextureUtility.cpp">
      <Filter>源文件</Filter>
    </ClCompile>
    <ClCompile Include="..\..\..\Code\Layer2\Source\GUISystem\IComboBoxImp.cpp">
      <Filter>源文件</Filter>
    </ClCompile>
    <ClCompile Include="..\..\..\Code\Layer2\Source\GUISystem\ComboBox.cpp">
      <Filter>源文件</Filter>
    </ClCompile>
    <ClCompile Include="..\..\..\Code\Layer2\Source\GUISystem\CommonControl.cpp">
      <Filter>源文件</Filter>
    </ClCompile>
    <ClCompile Include="..\..\..\Code\Layer2\Source\GUISystem\List.cpp">
      <Filter>源文件</Filter>
    </ClCompile>
    <ClCompile Include="..\..\..\Code\Layer2\Source\GUISystem\IListBoxImp.cpp">
      <Filter>源文件</Filter>
    </ClCompile>
    <ClCompile Include="..\..\..\Code\Layer2\Source\GUISystem\ListBox.cpp">
      <Filter>源文件</Filter>
    </ClCompile>
  </ItemGroup>
</Project>